
Microsoft Visual Studio Solution File, Format Version 12.00
# Visual Studio 15
VisualStudioVersion = 15.0.28010.2003
MinimumVisualStudioVersion = 10.0.40219.1
Project("{FAE04EC0-301F-11D3-BF4B-00C04F79EFBC}") = "Freecon Server", "Freecon Server\Freecon Server.csproj", "{897E5C1E-A300-471C-BC16-AE948AE190D1}"
EndProject
Project("{FAE04EC0-301F-11D3-BF4B-00C04F79EFBC}") = "Farseer Physics", "Farseer Physics Engine 3.5\Farseer Physics.csproj", "{A4610E4C-DD34-428B-BABB-779CA0B5993A}"
EndProject
Project("{FAE04EC0-301F-11D3-BF4B-00C04F79EFBC}") = "Core.Networking", "Networking\Core.Networking.csproj", "{530534F3-B57E-49AE-97CF-2675EA6359C1}"
EndProject
Project("{FAE04EC0-301F-11D3-BF4B-00C04F79EFBC}") = "Server.Specs", "Server.Specs\Server.Specs.csproj", "{BAB68E6F-F8A0-4D2A-B8D8-67C76D1A9FD2}"
EndProject
Project("{2150E333-8FDC-42A3-9474-1A3956D46DE8}") = ".nuget", ".nuget", "{9F3CE0DA-E461-4003-AF18-B4941CF3E7C5}"
EndProject
Project("{FAE04EC0-301F-11D3-BF4B-00C04F79EFBC}") = "Lidgren.Network", "Lidgren\Lidgren\Lidgren.Network\Lidgren.Network.csproj", "{49BA1C69-6104-41AC-A5D8-B54FA9F696E8}"
EndProject
Project("{FAE04EC0-301F-11D3-BF4B-00C04F79EFBC}") = "Server.RedisWrapper", "Server.RedisWrapper\Server.RedisWrapper.csproj", "{6C0A5ED3-8C6F-4CAC-B9BB-4C0866D45CF3}"
EndProject
Project("{FAE04EC0-301F-11D3-BF4B-00C04F79EFBC}") = "Server.App", "Server.App\Server.App.csproj", "{ACFA3867-1FFD-4FB4-BB8E-A9644C5CC3E9}"
EndProject
Project("{FAE04EC0-301F-11D3-BF4B-00C04F79EFBC}") = "Core", "Core\Core.csproj", "{8B2A8553-3B05-4253-BDBE-7021155CD1A2}"
EndProject
Project("{FAE04EC0-301F-11D3-BF4B-00C04F79EFBC}") = "Core.Models", "Core.Models\Core.Models.csproj", "{7163A171-74B1-4FB9-9CD3-72B59C09F7A4}"
EndProject
Project("{2150E333-8FDC-42A3-9474-1A3956D46DE8}") = "Dependencies", "Dependencies", "{716D3D89-182D-422E-87A3-EEA263969A20}"
EndProject
Project("{FAE04EC0-301F-11D3-BF4B-00C04F79EFBC}") = "Server.Configs", "Configs\Server.Configs.csproj", "{4BC58F89-D95F-4682-9422-7D355765AA84}"
EndProject
Project("{FAE04EC0-301F-11D3-BF4B-00C04F79EFBC}") = "Core.Networking.Lidgren", "Core.Networking.Lidgren\Core.Networking.Lidgren.csproj", "{89E77324-F8DA-4720-8E3B-67AAFAB95113}"
EndProject
Project("{FAE04EC0-301F-11D3-BF4B-00C04F79EFBC}") = "Core.Configs", "Core.Configs\Core.Configs.csproj", "{F8953F1B-016E-4103-85AB-A80DC44D13FD}"
EndProject
Project("{FAE04EC0-301F-11D3-BF4B-00C04F79EFBC}") = "Core.Utililities", "Core.Utils\Core.Utililities.csproj", "{6B6053AC-7A8F-4DBA-B472-15B92C6AE0AC}"
EndProject
Project("{FAE04EC0-301F-11D3-BF4B-00C04F79EFBC}") = "Server.Specs.Integration", "Server.Specs.Integration\Server.Specs.Integration.csproj", "{7F9671E9-438E-49BE-8983-603997E9894A}"
EndProject
Project("{FAE04EC0-301F-11D3-BF4B-00C04F79EFBC}") = "Core.Database", "Core.Database\Core.Database.csproj", "{23CE26FA-EDDA-44E5-B08C-D3EBE88591FA}"
EndProject
Project("{FAE04EC0-301F-11D3-BF4B-00C04F79EFBC}") = "Core.Networking.Models.Proto", "Core.Networking.Models.Proto\Core.Networking.Models.Proto.csproj", "{F0E4C837-225E-46F0-B20C-EA8F0D81FC00}"
EndProject
Project("{FAE04EC0-301F-11D3-BF4B-00C04F79EFBC}") = "Reactive.Router", "Server.Reactive.Router\Reactive.Router.csproj", "{DABD4ECE-CCE6-49E9-88DD-E2E3BD4ABF04}"
EndProject
Project("{FAE04EC0-301F-11D3-BF4B-00C04F79EFBC}") = "Core.Networking.Proto", "Core.Networking.Proto\Core.Networking.Proto.csproj", "{51EC5AC4-AC05-4B54-BCC1-03A2DB8A46A3}"
EndProject
Project("{FAE04EC0-301F-11D3-BF4B-00C04F79EFBC}") = "Server.Core", "Server.Core\Server.Core.csproj", "{E341870F-B23F-4979-83B7-2467135CFC62}"
EndProject
Project("{FAE04EC0-301F-11D3-BF4B-00C04F79EFBC}") = "Server.Core.Lidgren", "Server.Core.Lidgren\Server.Core.Lidgren.csproj", "{5DD6F174-CB82-4D32-9D3B-5F4A51E915E0}"
EndProject
Project("{FAE04EC0-301F-11D3-BF4B-00C04F79EFBC}") = "Client.Core", "Client.Core\Client.Core.csproj", "{7D550853-7520-4012-BBF0-D6A97B4FA8BA}"
EndProject
Project("{FAE04EC0-301F-11D3-BF4B-00C04F79EFBC}") = "Server.Models", "Server.Models\Server.Models.csproj", "{468B051A-EF18-4404-8EBE-158F1C3EE07D}"
EndProject
Project("{FAE04EC0-301F-11D3-BF4B-00C04F79EFBC}") = "Server.Console", "Server.Console\Server.Console.csproj", "{5B8733F8-69D6-4545-9A7E-B3F44D7C9105}"
EndProject
Project("{FAE04EC0-301F-11D3-BF4B-00C04F79EFBC}") = "Server.Utilities", "Server.Utilities\Server.Utilities.csproj", "{DF9AA57E-C989-4496-9B6E-EA595C50AD7B}"
EndProject
Project("{FAE04EC0-301F-11D3-BF4B-00C04F79EFBC}") = "Services.DBFiller", "Services.DBFiller\Services.DBFiller.csproj", "{4E8D1779-239A-4717-916A-FEFC431152DD}"
EndProject
Project("{FAE04EC0-301F-11D3-BF4B-00C04F79EFBC}") = "Server.Managers", "Server.Managers\Server.Managers.csproj", "{9B166030-F3F8-4363-AC51-1B649D720B9D}"
EndProject
Project("{FAE04EC0-301F-11D3-BF4B-00C04F79EFBC}") = "Server.Generators", "Server.Generators\Server.Generators.csproj", "{EF3A95C6-77C8-4C6D-88AF-D64628D0FD3D}"
EndProject
Project("{FAE04EC0-301F-11D3-BF4B-00C04F79EFBC}") = "Client.View", "Client.View\Client.View.csproj", "{07AF95F8-CBBD-4253-B84F-25A545CB12B9}"
EndProject
Project("{FAE04EC0-301F-11D3-BF4B-00C04F79EFBC}") = "Client.View.Xna", "Client.View.Xna\Client.View.Xna.csproj", "{3C1F6508-1016-4309-991D-2B03878B8F6C}"
EndProject
Project("{FAE04EC0-301F-11D3-BF4B-00C04F79EFBC}") = "Core.Interfaces", "Core.Interfaces\Core.Interfaces.csproj", "{56BE3D9C-B42B-4F0F-BCF4-2889C58E55F2}"
EndProject
Project("{FAE04EC0-301F-11D3-BF4B-00C04F79EFBC}") = "MasterServer", "MasterServer\MasterServer.csproj", "{97AB8004-EC3C-44DE-86A2-B875EEFD336D}"
EndProject
Project("{FAE04EC0-301F-11D3-BF4B-00C04F79EFBC}") = "Core.Logging", "Core.Logging\Core.Logging.csproj", "{97EA713F-516D-4E5D-A23B-73E96079C074}"
EndProject
Project("{FAE04EC0-301F-11D3-BF4B-00C04F79EFBC}") = "Client.View.CefSharp", "Client.View.Awesomium\Client.View.CefSharp.csproj", "{E172C75C-1249-4AE9-AB0F-68C89AE46670}"
EndProject
Project("{FAE04EC0-301F-11D3-BF4B-00C04F79EFBC}") = "Server.MongoDB", "Server.MongoDB\Server.MongoDB.csproj", "{D59B444F-BAE5-48EB-A17F-56BD6D4B5108}"
EndProject
Project("{FAE04EC0-301F-11D3-BF4B-00C04F79EFBC}") = "Client.ViewModel", "Client.ViewModel\Client.ViewModel.csproj", "{907A26FA-EF2A-47A0-B2E0-53D4064B411C}"
EndProject
Project("{FAE04EC0-301F-11D3-BF4B-00C04F79EFBC}") = "Client.States", "Client.GameStates\Client.States.csproj", "{38BE3FC8-42A9-4CEE-B0AB-98230E9BC3E1}"
EndProject
Project("{FAE04EC0-301F-11D3-BF4B-00C04F79EFBC}") = "Core.Models.Enums", "Core.Models.Enums\Core.Models.Enums.csproj", "{51EC19FA-7D49-434E-A835-2C51B00A7DA7}"
EndProject
Project("{FAE04EC0-301F-11D3-BF4B-00C04F79EFBC}") = "VarView", "VarView\VarView.csproj", "{5D3688F4-2662-4344-B55D-7A6256647F68}"
EndProject
Project("{FAE04EC0-301F-11D3-BF4B-00C04F79EFBC}") = "Server.Balancers", "Server.Balancers\Server.Balancers.csproj", "{F8C0FE1D-DD7D-43E4-A340-249D3C80331B}"
EndProject
Project("{FAE04EC0-301F-11D3-BF4B-00C04F79EFBC}") = "Services.Web", "Core.Web\Services.Web.csproj", "{3CD17D8D-4F49-480E-9162-65CD9B14B85D}"
EndProject
Project("{FAE04EC0-301F-11D3-BF4B-00C04F79EFBC}") = "Core.Cryptography", "Core.Cryptography\Core.Cryptography.csproj", "{8D7BD1AD-0EB8-48D2-AADC-9253A66E0AED}"
EndProject
Project("{FAE04EC0-301F-11D3-BF4B-00C04F79EFBC}") = "Client.Config", "Client.Config\Client.Config.csproj", "{8E010A3F-7DAD-40C8-AC2B-86960B3C8152}"
EndProject
Project("{FAE04EC0-301F-11D3-BF4B-00C04F79EFBC}") = "Simulator", "Simulator\Simulator.csproj", "{DB994649-5DCF-4F96-B7BA-AA9B1FC6CE07}"
EndProject
Project("{FAE04EC0-301F-11D3-BF4B-00C04F79EFBC}") = "Server.Tests", "Server.Tests\Server.Tests.csproj", "{A5F980DB-A9BD-4831-8D48-8D6629BEC8C2}"
EndProject
Project("{2150E333-8FDC-42A3-9474-1A3956D46DE8}") = "Examples", "Examples", "{20C18F19-2BC6-4138-B5F4-D2EDF291C13D}"
EndProject
Project("{FAE04EC0-301F-11D3-BF4B-00C04F79EFBC}") = "LerpVisualTest", "LerpVisualTest\LerpVisualTest\LerpVisualTest.csproj", "{6B6433B7-3A8E-4FAE-B8BA-8B5C49FC5BB2}"
EndProject
Project("{FAE04EC0-301F-11D3-BF4B-00C04F79EFBC}") = "LerpVisualTestContent", "LerpVisualTest\LerpVisualTestContent\LerpVisualTestContent.contentproj", "{E3B86BDC-0DC7-4D3E-86B1-2174B0D87DFE}"
EndProject
Project("{FAE04EC0-301F-11D3-BF4B-00C04F79EFBC}") = "Client.CefSharpWrapper", "Client.CefSharpWrapper\Client.CefSharpWrapper.csproj", "{67D0F6A8-9B3C-4C5F-817E-0077183DAA75}"
EndProject
Project("{FAE04EC0-301F-11D3-BF4B-00C04F79EFBC}") = "Core.Networking.Messages", "Core.Networking.Messages\Core.Networking.Messages.csproj", "{5C288FFD-574F-4984-88B5-39D8FFDF0111}"
EndProject
Project("{FAE04EC0-301F-11D3-BF4B-00C04F79EFBC}") = "Core.Networking.Objects", "Core.Networking.Objects\Core.Networking.Objects.csproj", "{1771FAF4-2F90-45FD-A3A9-E8A9B4FD90BA}"
EndProject
Project("{FAE04EC0-301F-11D3-BF4B-00C04F79EFBC}") = "Client.Bot", "Client.Bot\Client.Bot.csproj", "{B6A2334B-DF72-4B3C-9AD8-C6EC2D8A79A1}"
EndProject
Project("{FAE04EC0-301F-11D3-BF4B-00C04F79EFBC}") = "Client.StateBuilders", "Client.StateBuilder\Client.StateBuilders.csproj", "{A956475D-1C1B-4C2E-BCF4-7B1DFD06B183}"
EndProject
Project("{FAE04EC0-301F-11D3-BF4B-00C04F79EFBC}") = "Client.View.JSMarshalling", "Client.View.JSMarshalling\Client.View.JSMarshalling.csproj", "{E83E9A9D-A249-48CC-9CA0-CE68901AA2A6}"
EndProject
Project("{96E2B04D-8817-42C6-938A-82C39BA4D311}") = "FarseerContent", "Farseer\FarseerContent\FarseerContent.contentproj", "{5287B6CC-8E97-4439-BFA1-BCEC74B5688B}"
EndProject
Project("{FAE04EC0-301F-11D3-BF4B-00C04F79EFBC}") = "Farseer Physics MonoGame", "Farseer_monogame\Farseer Physics MonoGame.csproj", "{2008B1A2-F577-4CA4-BFD2-9078F3F78250}"
EndProject
Project("{FAE04EC0-301F-11D3-BF4B-00C04F79EFBC}") = "Client.MonoGame.Windows", "Client.MonoGame.Windows\Client.MonoGame.Windows.csproj", "{5E24E0A3-8BF7-42F3-B09C-C9F3519B18AA}"
EndProject
Project("{FAE04EC0-301F-11D3-BF4B-00C04F79EFBC}") = "Client.MonoGame.Content", "Client.MonoGame.Content\Client.MonoGame.Content.csproj", "{1CFD0F26-E443-4247-94DD-B8B9004457BD}"
EndProject
Project("{FAE04EC0-301F-11D3-BF4B-00C04F79EFBC}") = "Server.GameStates", "Server.GameStates\Server.GameStates.csproj", "{0CC8B884-5832-4EE1-B0FB-180A8B752F15}"
EndProject
Global
	GlobalSection(SolutionConfigurationPlatforms) = preSolution
		Debug|Any CPU = Debug|Any CPU
		Debug|Mixed Platforms = Debug|Mixed Platforms
		Debug|x64 = Debug|x64
		Debug|x86 = Debug|x86
		Release|Any CPU = Release|Any CPU
		Release|Mixed Platforms = Release|Mixed Platforms
		Release|x64 = Release|x64
		Release|x86 = Release|x86
	EndGlobalSection
	GlobalSection(ProjectConfigurationPlatforms) = postSolution
		{897E5C1E-A300-471C-BC16-AE948AE190D1}.Debug|Any CPU.ActiveCfg = Debug|x86
		{897E5C1E-A300-471C-BC16-AE948AE190D1}.Debug|Any CPU.Build.0 = Debug|x86
		{897E5C1E-A300-471C-BC16-AE948AE190D1}.Debug|Mixed Platforms.ActiveCfg = Debug|x86
		{897E5C1E-A300-471C-BC16-AE948AE190D1}.Debug|Mixed Platforms.Build.0 = Debug|x86
		{897E5C1E-A300-471C-BC16-AE948AE190D1}.Debug|x64.ActiveCfg = Debug|x64
		{897E5C1E-A300-471C-BC16-AE948AE190D1}.Debug|x64.Build.0 = Debug|x64
		{897E5C1E-A300-471C-BC16-AE948AE190D1}.Debug|x86.ActiveCfg = Debug|x86
		{897E5C1E-A300-471C-BC16-AE948AE190D1}.Debug|x86.Build.0 = Debug|x86
		{897E5C1E-A300-471C-BC16-AE948AE190D1}.Release|Any CPU.ActiveCfg = Release|x86
		{897E5C1E-A300-471C-BC16-AE948AE190D1}.Release|Any CPU.Build.0 = Release|x86
		{897E5C1E-A300-471C-BC16-AE948AE190D1}.Release|Mixed Platforms.ActiveCfg = Release|x86
		{897E5C1E-A300-471C-BC16-AE948AE190D1}.Release|Mixed Platforms.Build.0 = Release|x86
		{897E5C1E-A300-471C-BC16-AE948AE190D1}.Release|x64.ActiveCfg = Release|x64
		{897E5C1E-A300-471C-BC16-AE948AE190D1}.Release|x64.Build.0 = Release|x64
		{897E5C1E-A300-471C-BC16-AE948AE190D1}.Release|x86.ActiveCfg = Release|x86
		{897E5C1E-A300-471C-BC16-AE948AE190D1}.Release|x86.Build.0 = Release|x86
		{A4610E4C-DD34-428B-BABB-779CA0B5993A}.Debug|Any CPU.ActiveCfg = Debug|Any CPU
		{A4610E4C-DD34-428B-BABB-779CA0B5993A}.Debug|Any CPU.Build.0 = Debug|Any CPU
		{A4610E4C-DD34-428B-BABB-779CA0B5993A}.Debug|Mixed Platforms.ActiveCfg = Debug|Any CPU
		{A4610E4C-DD34-428B-BABB-779CA0B5993A}.Debug|Mixed Platforms.Build.0 = Debug|Any CPU
		{A4610E4C-DD34-428B-BABB-779CA0B5993A}.Debug|x64.ActiveCfg = Debug|x64
		{A4610E4C-DD34-428B-BABB-779CA0B5993A}.Debug|x64.Build.0 = Debug|x64
		{A4610E4C-DD34-428B-BABB-779CA0B5993A}.Debug|x86.ActiveCfg = Debug|x86
		{A4610E4C-DD34-428B-BABB-779CA0B5993A}.Debug|x86.Build.0 = Debug|x86
		{A4610E4C-DD34-428B-BABB-779CA0B5993A}.Release|Any CPU.ActiveCfg = Release|Any CPU
		{A4610E4C-DD34-428B-BABB-779CA0B5993A}.Release|Any CPU.Build.0 = Release|Any CPU
		{A4610E4C-DD34-428B-BABB-779CA0B5993A}.Release|Mixed Platforms.ActiveCfg = Release|Any CPU
		{A4610E4C-DD34-428B-BABB-779CA0B5993A}.Release|Mixed Platforms.Build.0 = Release|Any CPU
		{A4610E4C-DD34-428B-BABB-779CA0B5993A}.Release|x64.ActiveCfg = Release|x64
		{A4610E4C-DD34-428B-BABB-779CA0B5993A}.Release|x64.Build.0 = Release|x64
		{A4610E4C-DD34-428B-BABB-779CA0B5993A}.Release|x86.ActiveCfg = Release|x86
		{A4610E4C-DD34-428B-BABB-779CA0B5993A}.Release|x86.Build.0 = Release|x86
		{530534F3-B57E-49AE-97CF-2675EA6359C1}.Debug|Any CPU.ActiveCfg = Debug|Any CPU
		{530534F3-B57E-49AE-97CF-2675EA6359C1}.Debug|Any CPU.Build.0 = Debug|Any CPU
		{530534F3-B57E-49AE-97CF-2675EA6359C1}.Debug|Mixed Platforms.ActiveCfg = Debug|Any CPU
		{530534F3-B57E-49AE-97CF-2675EA6359C1}.Debug|Mixed Platforms.Build.0 = Debug|Any CPU
		{530534F3-B57E-49AE-97CF-2675EA6359C1}.Debug|x64.ActiveCfg = Debug|x64
		{530534F3-B57E-49AE-97CF-2675EA6359C1}.Debug|x64.Build.0 = Debug|x64
		{530534F3-B57E-49AE-97CF-2675EA6359C1}.Debug|x86.ActiveCfg = Debug|x86
		{530534F3-B57E-49AE-97CF-2675EA6359C1}.Debug|x86.Build.0 = Debug|x86
		{530534F3-B57E-49AE-97CF-2675EA6359C1}.Release|Any CPU.ActiveCfg = Release|Any CPU
		{530534F3-B57E-49AE-97CF-2675EA6359C1}.Release|Any CPU.Build.0 = Release|Any CPU
		{530534F3-B57E-49AE-97CF-2675EA6359C1}.Release|Mixed Platforms.ActiveCfg = Release|Any CPU
		{530534F3-B57E-49AE-97CF-2675EA6359C1}.Release|Mixed Platforms.Build.0 = Release|Any CPU
		{530534F3-B57E-49AE-97CF-2675EA6359C1}.Release|x64.ActiveCfg = Release|x64
		{530534F3-B57E-49AE-97CF-2675EA6359C1}.Release|x64.Build.0 = Release|x64
		{530534F3-B57E-49AE-97CF-2675EA6359C1}.Release|x86.ActiveCfg = Release|x86
		{530534F3-B57E-49AE-97CF-2675EA6359C1}.Release|x86.Build.0 = Release|x86
		{BAB68E6F-F8A0-4D2A-B8D8-67C76D1A9FD2}.Debug|Any CPU.ActiveCfg = Debug|Any CPU
		{BAB68E6F-F8A0-4D2A-B8D8-67C76D1A9FD2}.Debug|Any CPU.Build.0 = Debug|Any CPU
		{BAB68E6F-F8A0-4D2A-B8D8-67C76D1A9FD2}.Debug|Mixed Platforms.ActiveCfg = Debug|Any CPU
		{BAB68E6F-F8A0-4D2A-B8D8-67C76D1A9FD2}.Debug|Mixed Platforms.Build.0 = Debug|Any CPU
		{BAB68E6F-F8A0-4D2A-B8D8-67C76D1A9FD2}.Debug|x64.ActiveCfg = Debug|x64
		{BAB68E6F-F8A0-4D2A-B8D8-67C76D1A9FD2}.Debug|x64.Build.0 = Debug|x64
		{BAB68E6F-F8A0-4D2A-B8D8-67C76D1A9FD2}.Debug|x86.ActiveCfg = Debug|x86
		{BAB68E6F-F8A0-4D2A-B8D8-67C76D1A9FD2}.Debug|x86.Build.0 = Debug|x86
		{BAB68E6F-F8A0-4D2A-B8D8-67C76D1A9FD2}.Release|Any CPU.ActiveCfg = Release|Any CPU
		{BAB68E6F-F8A0-4D2A-B8D8-67C76D1A9FD2}.Release|Any CPU.Build.0 = Release|Any CPU
		{BAB68E6F-F8A0-4D2A-B8D8-67C76D1A9FD2}.Release|Mixed Platforms.ActiveCfg = Release|Any CPU
		{BAB68E6F-F8A0-4D2A-B8D8-67C76D1A9FD2}.Release|Mixed Platforms.Build.0 = Release|Any CPU
		{BAB68E6F-F8A0-4D2A-B8D8-67C76D1A9FD2}.Release|x64.ActiveCfg = Release|x64
		{BAB68E6F-F8A0-4D2A-B8D8-67C76D1A9FD2}.Release|x64.Build.0 = Release|x64
		{BAB68E6F-F8A0-4D2A-B8D8-67C76D1A9FD2}.Release|x86.ActiveCfg = Release|x86
		{BAB68E6F-F8A0-4D2A-B8D8-67C76D1A9FD2}.Release|x86.Build.0 = Release|x86
		{49BA1C69-6104-41AC-A5D8-B54FA9F696E8}.Debug|Any CPU.ActiveCfg = Debug|Any CPU
		{49BA1C69-6104-41AC-A5D8-B54FA9F696E8}.Debug|Any CPU.Build.0 = Debug|Any CPU
		{49BA1C69-6104-41AC-A5D8-B54FA9F696E8}.Debug|Mixed Platforms.ActiveCfg = Debug|Any CPU
		{49BA1C69-6104-41AC-A5D8-B54FA9F696E8}.Debug|Mixed Platforms.Build.0 = Debug|Any CPU
		{49BA1C69-6104-41AC-A5D8-B54FA9F696E8}.Debug|x64.ActiveCfg = Debug|x64
		{49BA1C69-6104-41AC-A5D8-B54FA9F696E8}.Debug|x64.Build.0 = Debug|x64
		{49BA1C69-6104-41AC-A5D8-B54FA9F696E8}.Debug|x86.ActiveCfg = Debug|x86
		{49BA1C69-6104-41AC-A5D8-B54FA9F696E8}.Debug|x86.Build.0 = Debug|x86
		{49BA1C69-6104-41AC-A5D8-B54FA9F696E8}.Release|Any CPU.ActiveCfg = Release|Any CPU
		{49BA1C69-6104-41AC-A5D8-B54FA9F696E8}.Release|Any CPU.Build.0 = Release|Any CPU
		{49BA1C69-6104-41AC-A5D8-B54FA9F696E8}.Release|Mixed Platforms.ActiveCfg = Release|Any CPU
		{49BA1C69-6104-41AC-A5D8-B54FA9F696E8}.Release|Mixed Platforms.Build.0 = Release|Any CPU
		{49BA1C69-6104-41AC-A5D8-B54FA9F696E8}.Release|x64.ActiveCfg = Release|x64
		{49BA1C69-6104-41AC-A5D8-B54FA9F696E8}.Release|x64.Build.0 = Release|x64
		{49BA1C69-6104-41AC-A5D8-B54FA9F696E8}.Release|x86.ActiveCfg = Release|x86
		{49BA1C69-6104-41AC-A5D8-B54FA9F696E8}.Release|x86.Build.0 = Release|x86
		{6C0A5ED3-8C6F-4CAC-B9BB-4C0866D45CF3}.Debug|Any CPU.ActiveCfg = Debug|Any CPU
		{6C0A5ED3-8C6F-4CAC-B9BB-4C0866D45CF3}.Debug|Any CPU.Build.0 = Debug|Any CPU
		{6C0A5ED3-8C6F-4CAC-B9BB-4C0866D45CF3}.Debug|Mixed Platforms.ActiveCfg = Debug|Any CPU
		{6C0A5ED3-8C6F-4CAC-B9BB-4C0866D45CF3}.Debug|Mixed Platforms.Build.0 = Debug|Any CPU
		{6C0A5ED3-8C6F-4CAC-B9BB-4C0866D45CF3}.Debug|x64.ActiveCfg = Debug|x64
		{6C0A5ED3-8C6F-4CAC-B9BB-4C0866D45CF3}.Debug|x64.Build.0 = Debug|x64
		{6C0A5ED3-8C6F-4CAC-B9BB-4C0866D45CF3}.Debug|x86.ActiveCfg = Debug|x86
		{6C0A5ED3-8C6F-4CAC-B9BB-4C0866D45CF3}.Debug|x86.Build.0 = Debug|x86
		{6C0A5ED3-8C6F-4CAC-B9BB-4C0866D45CF3}.Release|Any CPU.ActiveCfg = Release|Any CPU
		{6C0A5ED3-8C6F-4CAC-B9BB-4C0866D45CF3}.Release|Any CPU.Build.0 = Release|Any CPU
		{6C0A5ED3-8C6F-4CAC-B9BB-4C0866D45CF3}.Release|Mixed Platforms.ActiveCfg = Release|Any CPU
		{6C0A5ED3-8C6F-4CAC-B9BB-4C0866D45CF3}.Release|Mixed Platforms.Build.0 = Release|Any CPU
		{6C0A5ED3-8C6F-4CAC-B9BB-4C0866D45CF3}.Release|x64.ActiveCfg = Release|x64
		{6C0A5ED3-8C6F-4CAC-B9BB-4C0866D45CF3}.Release|x64.Build.0 = Release|x64
		{6C0A5ED3-8C6F-4CAC-B9BB-4C0866D45CF3}.Release|x86.ActiveCfg = Release|x86
		{6C0A5ED3-8C6F-4CAC-B9BB-4C0866D45CF3}.Release|x86.Build.0 = Release|x86
		{ACFA3867-1FFD-4FB4-BB8E-A9644C5CC3E9}.Debug|Any CPU.ActiveCfg = Debug|Any CPU
		{ACFA3867-1FFD-4FB4-BB8E-A9644C5CC3E9}.Debug|Any CPU.Build.0 = Debug|Any CPU
		{ACFA3867-1FFD-4FB4-BB8E-A9644C5CC3E9}.Debug|Mixed Platforms.ActiveCfg = Debug|Any CPU
		{ACFA3867-1FFD-4FB4-BB8E-A9644C5CC3E9}.Debug|Mixed Platforms.Build.0 = Debug|Any CPU
		{ACFA3867-1FFD-4FB4-BB8E-A9644C5CC3E9}.Debug|x64.ActiveCfg = Debug|x64
		{ACFA3867-1FFD-4FB4-BB8E-A9644C5CC3E9}.Debug|x64.Build.0 = Debug|x64
		{ACFA3867-1FFD-4FB4-BB8E-A9644C5CC3E9}.Debug|x86.ActiveCfg = Debug|x86
		{ACFA3867-1FFD-4FB4-BB8E-A9644C5CC3E9}.Debug|x86.Build.0 = Debug|x86
		{ACFA3867-1FFD-4FB4-BB8E-A9644C5CC3E9}.Release|Any CPU.ActiveCfg = Release|Any CPU
		{ACFA3867-1FFD-4FB4-BB8E-A9644C5CC3E9}.Release|Any CPU.Build.0 = Release|Any CPU
		{ACFA3867-1FFD-4FB4-BB8E-A9644C5CC3E9}.Release|Mixed Platforms.ActiveCfg = Release|Any CPU
		{ACFA3867-1FFD-4FB4-BB8E-A9644C5CC3E9}.Release|Mixed Platforms.Build.0 = Release|Any CPU
		{ACFA3867-1FFD-4FB4-BB8E-A9644C5CC3E9}.Release|x64.ActiveCfg = Release|x64
		{ACFA3867-1FFD-4FB4-BB8E-A9644C5CC3E9}.Release|x64.Build.0 = Release|x64
		{ACFA3867-1FFD-4FB4-BB8E-A9644C5CC3E9}.Release|x86.ActiveCfg = Release|x86
		{ACFA3867-1FFD-4FB4-BB8E-A9644C5CC3E9}.Release|x86.Build.0 = Release|x86
		{8B2A8553-3B05-4253-BDBE-7021155CD1A2}.Debug|Any CPU.ActiveCfg = Debug|Any CPU
		{8B2A8553-3B05-4253-BDBE-7021155CD1A2}.Debug|Any CPU.Build.0 = Debug|Any CPU
		{8B2A8553-3B05-4253-BDBE-7021155CD1A2}.Debug|Mixed Platforms.ActiveCfg = Debug|Any CPU
		{8B2A8553-3B05-4253-BDBE-7021155CD1A2}.Debug|Mixed Platforms.Build.0 = Debug|Any CPU
		{8B2A8553-3B05-4253-BDBE-7021155CD1A2}.Debug|x64.ActiveCfg = Debug|x64
		{8B2A8553-3B05-4253-BDBE-7021155CD1A2}.Debug|x64.Build.0 = Debug|x64
		{8B2A8553-3B05-4253-BDBE-7021155CD1A2}.Debug|x86.ActiveCfg = Debug|x86
		{8B2A8553-3B05-4253-BDBE-7021155CD1A2}.Debug|x86.Build.0 = Debug|x86
		{8B2A8553-3B05-4253-BDBE-7021155CD1A2}.Release|Any CPU.ActiveCfg = Release|Any CPU
		{8B2A8553-3B05-4253-BDBE-7021155CD1A2}.Release|Any CPU.Build.0 = Release|Any CPU
		{8B2A8553-3B05-4253-BDBE-7021155CD1A2}.Release|Mixed Platforms.ActiveCfg = Release|Any CPU
		{8B2A8553-3B05-4253-BDBE-7021155CD1A2}.Release|Mixed Platforms.Build.0 = Release|Any CPU
		{8B2A8553-3B05-4253-BDBE-7021155CD1A2}.Release|x64.ActiveCfg = Release|x64
		{8B2A8553-3B05-4253-BDBE-7021155CD1A2}.Release|x64.Build.0 = Release|x64
		{8B2A8553-3B05-4253-BDBE-7021155CD1A2}.Release|x86.ActiveCfg = Release|x86
		{8B2A8553-3B05-4253-BDBE-7021155CD1A2}.Release|x86.Build.0 = Release|x86
		{7163A171-74B1-4FB9-9CD3-72B59C09F7A4}.Debug|Any CPU.ActiveCfg = Debug|Any CPU
		{7163A171-74B1-4FB9-9CD3-72B59C09F7A4}.Debug|Any CPU.Build.0 = Debug|Any CPU
		{7163A171-74B1-4FB9-9CD3-72B59C09F7A4}.Debug|Mixed Platforms.ActiveCfg = Debug|Any CPU
		{7163A171-74B1-4FB9-9CD3-72B59C09F7A4}.Debug|Mixed Platforms.Build.0 = Debug|Any CPU
		{7163A171-74B1-4FB9-9CD3-72B59C09F7A4}.Debug|x64.ActiveCfg = Debug|x64
		{7163A171-74B1-4FB9-9CD3-72B59C09F7A4}.Debug|x64.Build.0 = Debug|x64
		{7163A171-74B1-4FB9-9CD3-72B59C09F7A4}.Debug|x86.ActiveCfg = Debug|x86
		{7163A171-74B1-4FB9-9CD3-72B59C09F7A4}.Debug|x86.Build.0 = Debug|x86
		{7163A171-74B1-4FB9-9CD3-72B59C09F7A4}.Release|Any CPU.ActiveCfg = Release|Any CPU
		{7163A171-74B1-4FB9-9CD3-72B59C09F7A4}.Release|Any CPU.Build.0 = Release|Any CPU
		{7163A171-74B1-4FB9-9CD3-72B59C09F7A4}.Release|Mixed Platforms.ActiveCfg = Release|Any CPU
		{7163A171-74B1-4FB9-9CD3-72B59C09F7A4}.Release|Mixed Platforms.Build.0 = Release|Any CPU
		{7163A171-74B1-4FB9-9CD3-72B59C09F7A4}.Release|x64.ActiveCfg = Release|x64
		{7163A171-74B1-4FB9-9CD3-72B59C09F7A4}.Release|x64.Build.0 = Release|x64
		{7163A171-74B1-4FB9-9CD3-72B59C09F7A4}.Release|x86.ActiveCfg = Release|x86
		{7163A171-74B1-4FB9-9CD3-72B59C09F7A4}.Release|x86.Build.0 = Release|x86
		{4BC58F89-D95F-4682-9422-7D355765AA84}.Debug|Any CPU.ActiveCfg = Debug|Any CPU
		{4BC58F89-D95F-4682-9422-7D355765AA84}.Debug|Any CPU.Build.0 = Debug|Any CPU
		{4BC58F89-D95F-4682-9422-7D355765AA84}.Debug|Mixed Platforms.ActiveCfg = Debug|Any CPU
		{4BC58F89-D95F-4682-9422-7D355765AA84}.Debug|Mixed Platforms.Build.0 = Debug|Any CPU
		{4BC58F89-D95F-4682-9422-7D355765AA84}.Debug|x64.ActiveCfg = Debug|x64
		{4BC58F89-D95F-4682-9422-7D355765AA84}.Debug|x64.Build.0 = Debug|x64
		{4BC58F89-D95F-4682-9422-7D355765AA84}.Debug|x86.ActiveCfg = Debug|x86
		{4BC58F89-D95F-4682-9422-7D355765AA84}.Debug|x86.Build.0 = Debug|x86
		{4BC58F89-D95F-4682-9422-7D355765AA84}.Release|Any CPU.ActiveCfg = Release|Any CPU
		{4BC58F89-D95F-4682-9422-7D355765AA84}.Release|Any CPU.Build.0 = Release|Any CPU
		{4BC58F89-D95F-4682-9422-7D355765AA84}.Release|Mixed Platforms.ActiveCfg = Release|Any CPU
		{4BC58F89-D95F-4682-9422-7D355765AA84}.Release|Mixed Platforms.Build.0 = Release|Any CPU
		{4BC58F89-D95F-4682-9422-7D355765AA84}.Release|x64.ActiveCfg = Release|x64
		{4BC58F89-D95F-4682-9422-7D355765AA84}.Release|x64.Build.0 = Release|x64
		{4BC58F89-D95F-4682-9422-7D355765AA84}.Release|x86.ActiveCfg = Release|x86
		{4BC58F89-D95F-4682-9422-7D355765AA84}.Release|x86.Build.0 = Release|x86
		{89E77324-F8DA-4720-8E3B-67AAFAB95113}.Debug|Any CPU.ActiveCfg = Debug|Any CPU
		{89E77324-F8DA-4720-8E3B-67AAFAB95113}.Debug|Any CPU.Build.0 = Debug|Any CPU
		{89E77324-F8DA-4720-8E3B-67AAFAB95113}.Debug|Mixed Platforms.ActiveCfg = Debug|Any CPU
		{89E77324-F8DA-4720-8E3B-67AAFAB95113}.Debug|Mixed Platforms.Build.0 = Debug|Any CPU
		{89E77324-F8DA-4720-8E3B-67AAFAB95113}.Debug|x64.ActiveCfg = Debug|x64
		{89E77324-F8DA-4720-8E3B-67AAFAB95113}.Debug|x64.Build.0 = Debug|x64
		{89E77324-F8DA-4720-8E3B-67AAFAB95113}.Debug|x86.ActiveCfg = Debug|x86
		{89E77324-F8DA-4720-8E3B-67AAFAB95113}.Debug|x86.Build.0 = Debug|x86
		{89E77324-F8DA-4720-8E3B-67AAFAB95113}.Release|Any CPU.ActiveCfg = Release|Any CPU
		{89E77324-F8DA-4720-8E3B-67AAFAB95113}.Release|Any CPU.Build.0 = Release|Any CPU
		{89E77324-F8DA-4720-8E3B-67AAFAB95113}.Release|Mixed Platforms.ActiveCfg = Release|Any CPU
		{89E77324-F8DA-4720-8E3B-67AAFAB95113}.Release|Mixed Platforms.Build.0 = Release|Any CPU
		{89E77324-F8DA-4720-8E3B-67AAFAB95113}.Release|x64.ActiveCfg = Release|x64
		{89E77324-F8DA-4720-8E3B-67AAFAB95113}.Release|x64.Build.0 = Release|x64
		{89E77324-F8DA-4720-8E3B-67AAFAB95113}.Release|x86.ActiveCfg = Release|x86
		{89E77324-F8DA-4720-8E3B-67AAFAB95113}.Release|x86.Build.0 = Release|x86
		{F8953F1B-016E-4103-85AB-A80DC44D13FD}.Debug|Any CPU.ActiveCfg = Debug|Any CPU
		{F8953F1B-016E-4103-85AB-A80DC44D13FD}.Debug|Any CPU.Build.0 = Debug|Any CPU
		{F8953F1B-016E-4103-85AB-A80DC44D13FD}.Debug|Mixed Platforms.ActiveCfg = Debug|Any CPU
		{F8953F1B-016E-4103-85AB-A80DC44D13FD}.Debug|Mixed Platforms.Build.0 = Debug|Any CPU
		{F8953F1B-016E-4103-85AB-A80DC44D13FD}.Debug|x64.ActiveCfg = Debug|x64
		{F8953F1B-016E-4103-85AB-A80DC44D13FD}.Debug|x64.Build.0 = Debug|x64
		{F8953F1B-016E-4103-85AB-A80DC44D13FD}.Debug|x86.ActiveCfg = Debug|x86
		{F8953F1B-016E-4103-85AB-A80DC44D13FD}.Debug|x86.Build.0 = Debug|x86
		{F8953F1B-016E-4103-85AB-A80DC44D13FD}.Release|Any CPU.ActiveCfg = Release|Any CPU
		{F8953F1B-016E-4103-85AB-A80DC44D13FD}.Release|Any CPU.Build.0 = Release|Any CPU
		{F8953F1B-016E-4103-85AB-A80DC44D13FD}.Release|Mixed Platforms.ActiveCfg = Release|Any CPU
		{F8953F1B-016E-4103-85AB-A80DC44D13FD}.Release|Mixed Platforms.Build.0 = Release|Any CPU
		{F8953F1B-016E-4103-85AB-A80DC44D13FD}.Release|x64.ActiveCfg = Release|x64
		{F8953F1B-016E-4103-85AB-A80DC44D13FD}.Release|x64.Build.0 = Release|x64
		{F8953F1B-016E-4103-85AB-A80DC44D13FD}.Release|x86.ActiveCfg = Release|x86
		{F8953F1B-016E-4103-85AB-A80DC44D13FD}.Release|x86.Build.0 = Release|x86
		{6B6053AC-7A8F-4DBA-B472-15B92C6AE0AC}.Debug|Any CPU.ActiveCfg = Debug|Any CPU
		{6B6053AC-7A8F-4DBA-B472-15B92C6AE0AC}.Debug|Any CPU.Build.0 = Debug|Any CPU
		{6B6053AC-7A8F-4DBA-B472-15B92C6AE0AC}.Debug|Mixed Platforms.ActiveCfg = Debug|Any CPU
		{6B6053AC-7A8F-4DBA-B472-15B92C6AE0AC}.Debug|Mixed Platforms.Build.0 = Debug|Any CPU
		{6B6053AC-7A8F-4DBA-B472-15B92C6AE0AC}.Debug|x64.ActiveCfg = Debug|x64
		{6B6053AC-7A8F-4DBA-B472-15B92C6AE0AC}.Debug|x64.Build.0 = Debug|x64
		{6B6053AC-7A8F-4DBA-B472-15B92C6AE0AC}.Debug|x86.ActiveCfg = Debug|x86
		{6B6053AC-7A8F-4DBA-B472-15B92C6AE0AC}.Debug|x86.Build.0 = Debug|x86
		{6B6053AC-7A8F-4DBA-B472-15B92C6AE0AC}.Release|Any CPU.ActiveCfg = Release|Any CPU
		{6B6053AC-7A8F-4DBA-B472-15B92C6AE0AC}.Release|Any CPU.Build.0 = Release|Any CPU
		{6B6053AC-7A8F-4DBA-B472-15B92C6AE0AC}.Release|Mixed Platforms.ActiveCfg = Release|Any CPU
		{6B6053AC-7A8F-4DBA-B472-15B92C6AE0AC}.Release|Mixed Platforms.Build.0 = Release|Any CPU
		{6B6053AC-7A8F-4DBA-B472-15B92C6AE0AC}.Release|x64.ActiveCfg = Release|x64
		{6B6053AC-7A8F-4DBA-B472-15B92C6AE0AC}.Release|x64.Build.0 = Release|x64
		{6B6053AC-7A8F-4DBA-B472-15B92C6AE0AC}.Release|x86.ActiveCfg = Release|x86
		{6B6053AC-7A8F-4DBA-B472-15B92C6AE0AC}.Release|x86.Build.0 = Release|x86
		{7F9671E9-438E-49BE-8983-603997E9894A}.Debug|Any CPU.ActiveCfg = Debug|Any CPU
		{7F9671E9-438E-49BE-8983-603997E9894A}.Debug|Any CPU.Build.0 = Debug|Any CPU
		{7F9671E9-438E-49BE-8983-603997E9894A}.Debug|Mixed Platforms.ActiveCfg = Debug|Any CPU
		{7F9671E9-438E-49BE-8983-603997E9894A}.Debug|Mixed Platforms.Build.0 = Debug|Any CPU
		{7F9671E9-438E-49BE-8983-603997E9894A}.Debug|x64.ActiveCfg = Debug|x64
		{7F9671E9-438E-49BE-8983-603997E9894A}.Debug|x64.Build.0 = Debug|x64
		{7F9671E9-438E-49BE-8983-603997E9894A}.Debug|x86.ActiveCfg = Debug|x86
		{7F9671E9-438E-49BE-8983-603997E9894A}.Debug|x86.Build.0 = Debug|x86
		{7F9671E9-438E-49BE-8983-603997E9894A}.Release|Any CPU.ActiveCfg = Release|Any CPU
		{7F9671E9-438E-49BE-8983-603997E9894A}.Release|Any CPU.Build.0 = Release|Any CPU
		{7F9671E9-438E-49BE-8983-603997E9894A}.Release|Mixed Platforms.ActiveCfg = Release|Any CPU
		{7F9671E9-438E-49BE-8983-603997E9894A}.Release|Mixed Platforms.Build.0 = Release|Any CPU
		{7F9671E9-438E-49BE-8983-603997E9894A}.Release|x64.ActiveCfg = Release|x64
		{7F9671E9-438E-49BE-8983-603997E9894A}.Release|x64.Build.0 = Release|x64
		{7F9671E9-438E-49BE-8983-603997E9894A}.Release|x86.ActiveCfg = Release|x86
		{7F9671E9-438E-49BE-8983-603997E9894A}.Release|x86.Build.0 = Release|x86
		{23CE26FA-EDDA-44E5-B08C-D3EBE88591FA}.Debug|Any CPU.ActiveCfg = Debug|Any CPU
		{23CE26FA-EDDA-44E5-B08C-D3EBE88591FA}.Debug|Any CPU.Build.0 = Debug|Any CPU
		{23CE26FA-EDDA-44E5-B08C-D3EBE88591FA}.Debug|Mixed Platforms.ActiveCfg = Debug|Any CPU
		{23CE26FA-EDDA-44E5-B08C-D3EBE88591FA}.Debug|Mixed Platforms.Build.0 = Debug|Any CPU
		{23CE26FA-EDDA-44E5-B08C-D3EBE88591FA}.Debug|x64.ActiveCfg = Debug|x64
		{23CE26FA-EDDA-44E5-B08C-D3EBE88591FA}.Debug|x64.Build.0 = Debug|x64
		{23CE26FA-EDDA-44E5-B08C-D3EBE88591FA}.Debug|x86.ActiveCfg = Debug|x86
		{23CE26FA-EDDA-44E5-B08C-D3EBE88591FA}.Debug|x86.Build.0 = Debug|x86
		{23CE26FA-EDDA-44E5-B08C-D3EBE88591FA}.Release|Any CPU.ActiveCfg = Release|Any CPU
		{23CE26FA-EDDA-44E5-B08C-D3EBE88591FA}.Release|Any CPU.Build.0 = Release|Any CPU
		{23CE26FA-EDDA-44E5-B08C-D3EBE88591FA}.Release|Mixed Platforms.ActiveCfg = Release|Any CPU
		{23CE26FA-EDDA-44E5-B08C-D3EBE88591FA}.Release|Mixed Platforms.Build.0 = Release|Any CPU
		{23CE26FA-EDDA-44E5-B08C-D3EBE88591FA}.Release|x64.ActiveCfg = Release|x64
		{23CE26FA-EDDA-44E5-B08C-D3EBE88591FA}.Release|x64.Build.0 = Release|x64
		{23CE26FA-EDDA-44E5-B08C-D3EBE88591FA}.Release|x86.ActiveCfg = Release|x86
		{23CE26FA-EDDA-44E5-B08C-D3EBE88591FA}.Release|x86.Build.0 = Release|x86
		{F0E4C837-225E-46F0-B20C-EA8F0D81FC00}.Debug|Any CPU.ActiveCfg = Debug|Any CPU
		{F0E4C837-225E-46F0-B20C-EA8F0D81FC00}.Debug|Any CPU.Build.0 = Debug|Any CPU
		{F0E4C837-225E-46F0-B20C-EA8F0D81FC00}.Debug|Mixed Platforms.ActiveCfg = Debug|Any CPU
		{F0E4C837-225E-46F0-B20C-EA8F0D81FC00}.Debug|Mixed Platforms.Build.0 = Debug|Any CPU
		{F0E4C837-225E-46F0-B20C-EA8F0D81FC00}.Debug|x64.ActiveCfg = Debug|x64
		{F0E4C837-225E-46F0-B20C-EA8F0D81FC00}.Debug|x64.Build.0 = Debug|x64
		{F0E4C837-225E-46F0-B20C-EA8F0D81FC00}.Debug|x86.ActiveCfg = Debug|x86
		{F0E4C837-225E-46F0-B20C-EA8F0D81FC00}.Debug|x86.Build.0 = Debug|x86
		{F0E4C837-225E-46F0-B20C-EA8F0D81FC00}.Release|Any CPU.ActiveCfg = Release|Any CPU
		{F0E4C837-225E-46F0-B20C-EA8F0D81FC00}.Release|Any CPU.Build.0 = Release|Any CPU
		{F0E4C837-225E-46F0-B20C-EA8F0D81FC00}.Release|Mixed Platforms.ActiveCfg = Release|Any CPU
		{F0E4C837-225E-46F0-B20C-EA8F0D81FC00}.Release|Mixed Platforms.Build.0 = Release|Any CPU
		{F0E4C837-225E-46F0-B20C-EA8F0D81FC00}.Release|x64.ActiveCfg = Release|x64
		{F0E4C837-225E-46F0-B20C-EA8F0D81FC00}.Release|x64.Build.0 = Release|x64
		{F0E4C837-225E-46F0-B20C-EA8F0D81FC00}.Release|x86.ActiveCfg = Release|x86
		{F0E4C837-225E-46F0-B20C-EA8F0D81FC00}.Release|x86.Build.0 = Release|x86
		{DABD4ECE-CCE6-49E9-88DD-E2E3BD4ABF04}.Debug|Any CPU.ActiveCfg = Debug|Any CPU
		{DABD4ECE-CCE6-49E9-88DD-E2E3BD4ABF04}.Debug|Any CPU.Build.0 = Debug|Any CPU
		{DABD4ECE-CCE6-49E9-88DD-E2E3BD4ABF04}.Debug|Mixed Platforms.ActiveCfg = Debug|Any CPU
		{DABD4ECE-CCE6-49E9-88DD-E2E3BD4ABF04}.Debug|Mixed Platforms.Build.0 = Debug|Any CPU
		{DABD4ECE-CCE6-49E9-88DD-E2E3BD4ABF04}.Debug|x64.ActiveCfg = Debug|x64
		{DABD4ECE-CCE6-49E9-88DD-E2E3BD4ABF04}.Debug|x64.Build.0 = Debug|x64
		{DABD4ECE-CCE6-49E9-88DD-E2E3BD4ABF04}.Debug|x86.ActiveCfg = Debug|x86
		{DABD4ECE-CCE6-49E9-88DD-E2E3BD4ABF04}.Debug|x86.Build.0 = Debug|x86
		{DABD4ECE-CCE6-49E9-88DD-E2E3BD4ABF04}.Release|Any CPU.ActiveCfg = Release|Any CPU
		{DABD4ECE-CCE6-49E9-88DD-E2E3BD4ABF04}.Release|Any CPU.Build.0 = Release|Any CPU
		{DABD4ECE-CCE6-49E9-88DD-E2E3BD4ABF04}.Release|Mixed Platforms.ActiveCfg = Release|Any CPU
		{DABD4ECE-CCE6-49E9-88DD-E2E3BD4ABF04}.Release|Mixed Platforms.Build.0 = Release|Any CPU
		{DABD4ECE-CCE6-49E9-88DD-E2E3BD4ABF04}.Release|x64.ActiveCfg = Release|x64
		{DABD4ECE-CCE6-49E9-88DD-E2E3BD4ABF04}.Release|x64.Build.0 = Release|x64
		{DABD4ECE-CCE6-49E9-88DD-E2E3BD4ABF04}.Release|x86.ActiveCfg = Release|x86
		{DABD4ECE-CCE6-49E9-88DD-E2E3BD4ABF04}.Release|x86.Build.0 = Release|x86
		{51EC5AC4-AC05-4B54-BCC1-03A2DB8A46A3}.Debug|Any CPU.ActiveCfg = Debug|Any CPU
		{51EC5AC4-AC05-4B54-BCC1-03A2DB8A46A3}.Debug|Any CPU.Build.0 = Debug|Any CPU
		{51EC5AC4-AC05-4B54-BCC1-03A2DB8A46A3}.Debug|Mixed Platforms.ActiveCfg = Debug|Any CPU
		{51EC5AC4-AC05-4B54-BCC1-03A2DB8A46A3}.Debug|Mixed Platforms.Build.0 = Debug|Any CPU
		{51EC5AC4-AC05-4B54-BCC1-03A2DB8A46A3}.Debug|x64.ActiveCfg = Debug|x64
		{51EC5AC4-AC05-4B54-BCC1-03A2DB8A46A3}.Debug|x64.Build.0 = Debug|x64
		{51EC5AC4-AC05-4B54-BCC1-03A2DB8A46A3}.Debug|x86.ActiveCfg = Debug|x86
		{51EC5AC4-AC05-4B54-BCC1-03A2DB8A46A3}.Debug|x86.Build.0 = Debug|x86
		{51EC5AC4-AC05-4B54-BCC1-03A2DB8A46A3}.Release|Any CPU.ActiveCfg = Release|Any CPU
		{51EC5AC4-AC05-4B54-BCC1-03A2DB8A46A3}.Release|Any CPU.Build.0 = Release|Any CPU
		{51EC5AC4-AC05-4B54-BCC1-03A2DB8A46A3}.Release|Mixed Platforms.ActiveCfg = Release|Any CPU
		{51EC5AC4-AC05-4B54-BCC1-03A2DB8A46A3}.Release|Mixed Platforms.Build.0 = Release|Any CPU
		{51EC5AC4-AC05-4B54-BCC1-03A2DB8A46A3}.Release|x64.ActiveCfg = Release|x64
		{51EC5AC4-AC05-4B54-BCC1-03A2DB8A46A3}.Release|x64.Build.0 = Release|x64
		{51EC5AC4-AC05-4B54-BCC1-03A2DB8A46A3}.Release|x86.ActiveCfg = Release|x86
		{51EC5AC4-AC05-4B54-BCC1-03A2DB8A46A3}.Release|x86.Build.0 = Release|x86
		{E341870F-B23F-4979-83B7-2467135CFC62}.Debug|Any CPU.ActiveCfg = Debug|Any CPU
		{E341870F-B23F-4979-83B7-2467135CFC62}.Debug|Any CPU.Build.0 = Debug|Any CPU
		{E341870F-B23F-4979-83B7-2467135CFC62}.Debug|Mixed Platforms.ActiveCfg = Debug|Any CPU
		{E341870F-B23F-4979-83B7-2467135CFC62}.Debug|Mixed Platforms.Build.0 = Debug|Any CPU
		{E341870F-B23F-4979-83B7-2467135CFC62}.Debug|x64.ActiveCfg = Debug|x64
		{E341870F-B23F-4979-83B7-2467135CFC62}.Debug|x64.Build.0 = Debug|x64
		{E341870F-B23F-4979-83B7-2467135CFC62}.Debug|x86.ActiveCfg = Debug|x86
		{E341870F-B23F-4979-83B7-2467135CFC62}.Debug|x86.Build.0 = Debug|x86
		{E341870F-B23F-4979-83B7-2467135CFC62}.Release|Any CPU.ActiveCfg = Release|Any CPU
		{E341870F-B23F-4979-83B7-2467135CFC62}.Release|Any CPU.Build.0 = Release|Any CPU
		{E341870F-B23F-4979-83B7-2467135CFC62}.Release|Mixed Platforms.ActiveCfg = Release|Any CPU
		{E341870F-B23F-4979-83B7-2467135CFC62}.Release|Mixed Platforms.Build.0 = Release|Any CPU
		{E341870F-B23F-4979-83B7-2467135CFC62}.Release|x64.ActiveCfg = Release|x64
		{E341870F-B23F-4979-83B7-2467135CFC62}.Release|x64.Build.0 = Release|x64
		{E341870F-B23F-4979-83B7-2467135CFC62}.Release|x86.ActiveCfg = Release|x86
		{E341870F-B23F-4979-83B7-2467135CFC62}.Release|x86.Build.0 = Release|x86
		{5DD6F174-CB82-4D32-9D3B-5F4A51E915E0}.Debug|Any CPU.ActiveCfg = Debug|Any CPU
		{5DD6F174-CB82-4D32-9D3B-5F4A51E915E0}.Debug|Any CPU.Build.0 = Debug|Any CPU
		{5DD6F174-CB82-4D32-9D3B-5F4A51E915E0}.Debug|Mixed Platforms.ActiveCfg = Debug|Any CPU
		{5DD6F174-CB82-4D32-9D3B-5F4A51E915E0}.Debug|Mixed Platforms.Build.0 = Debug|Any CPU
		{5DD6F174-CB82-4D32-9D3B-5F4A51E915E0}.Debug|x64.ActiveCfg = Debug|x64
		{5DD6F174-CB82-4D32-9D3B-5F4A51E915E0}.Debug|x64.Build.0 = Debug|x64
		{5DD6F174-CB82-4D32-9D3B-5F4A51E915E0}.Debug|x86.ActiveCfg = Debug|x86
		{5DD6F174-CB82-4D32-9D3B-5F4A51E915E0}.Debug|x86.Build.0 = Debug|x86
		{5DD6F174-CB82-4D32-9D3B-5F4A51E915E0}.Release|Any CPU.ActiveCfg = Release|Any CPU
		{5DD6F174-CB82-4D32-9D3B-5F4A51E915E0}.Release|Any CPU.Build.0 = Release|Any CPU
		{5DD6F174-CB82-4D32-9D3B-5F4A51E915E0}.Release|Mixed Platforms.ActiveCfg = Release|Any CPU
		{5DD6F174-CB82-4D32-9D3B-5F4A51E915E0}.Release|Mixed Platforms.Build.0 = Release|Any CPU
		{5DD6F174-CB82-4D32-9D3B-5F4A51E915E0}.Release|x64.ActiveCfg = Release|x64
		{5DD6F174-CB82-4D32-9D3B-5F4A51E915E0}.Release|x64.Build.0 = Release|x64
		{5DD6F174-CB82-4D32-9D3B-5F4A51E915E0}.Release|x86.ActiveCfg = Release|x86
		{5DD6F174-CB82-4D32-9D3B-5F4A51E915E0}.Release|x86.Build.0 = Release|x86
		{7D550853-7520-4012-BBF0-D6A97B4FA8BA}.Debug|Any CPU.ActiveCfg = Debug|Any CPU
		{7D550853-7520-4012-BBF0-D6A97B4FA8BA}.Debug|Any CPU.Build.0 = Debug|Any CPU
		{7D550853-7520-4012-BBF0-D6A97B4FA8BA}.Debug|Mixed Platforms.ActiveCfg = Debug|Any CPU
		{7D550853-7520-4012-BBF0-D6A97B4FA8BA}.Debug|Mixed Platforms.Build.0 = Debug|Any CPU
		{7D550853-7520-4012-BBF0-D6A97B4FA8BA}.Debug|x64.ActiveCfg = Debug|x64
		{7D550853-7520-4012-BBF0-D6A97B4FA8BA}.Debug|x64.Build.0 = Debug|x64
		{7D550853-7520-4012-BBF0-D6A97B4FA8BA}.Debug|x86.ActiveCfg = Debug|x86
		{7D550853-7520-4012-BBF0-D6A97B4FA8BA}.Debug|x86.Build.0 = Debug|x86
		{7D550853-7520-4012-BBF0-D6A97B4FA8BA}.Release|Any CPU.ActiveCfg = Release|Any CPU
		{7D550853-7520-4012-BBF0-D6A97B4FA8BA}.Release|Any CPU.Build.0 = Release|Any CPU
		{7D550853-7520-4012-BBF0-D6A97B4FA8BA}.Release|Mixed Platforms.ActiveCfg = Release|Any CPU
		{7D550853-7520-4012-BBF0-D6A97B4FA8BA}.Release|Mixed Platforms.Build.0 = Release|Any CPU
		{7D550853-7520-4012-BBF0-D6A97B4FA8BA}.Release|x64.ActiveCfg = Release|x64
		{7D550853-7520-4012-BBF0-D6A97B4FA8BA}.Release|x64.Build.0 = Release|x64
		{7D550853-7520-4012-BBF0-D6A97B4FA8BA}.Release|x86.ActiveCfg = Release|x86
		{7D550853-7520-4012-BBF0-D6A97B4FA8BA}.Release|x86.Build.0 = Release|x86
		{468B051A-EF18-4404-8EBE-158F1C3EE07D}.Debug|Any CPU.ActiveCfg = Debug|Any CPU
		{468B051A-EF18-4404-8EBE-158F1C3EE07D}.Debug|Any CPU.Build.0 = Debug|Any CPU
		{468B051A-EF18-4404-8EBE-158F1C3EE07D}.Debug|Mixed Platforms.ActiveCfg = Debug|Any CPU
		{468B051A-EF18-4404-8EBE-158F1C3EE07D}.Debug|Mixed Platforms.Build.0 = Debug|Any CPU
		{468B051A-EF18-4404-8EBE-158F1C3EE07D}.Debug|x64.ActiveCfg = Debug|x64
		{468B051A-EF18-4404-8EBE-158F1C3EE07D}.Debug|x64.Build.0 = Debug|x64
		{468B051A-EF18-4404-8EBE-158F1C3EE07D}.Debug|x86.ActiveCfg = Debug|x86
		{468B051A-EF18-4404-8EBE-158F1C3EE07D}.Debug|x86.Build.0 = Debug|x86
		{468B051A-EF18-4404-8EBE-158F1C3EE07D}.Release|Any CPU.ActiveCfg = Release|Any CPU
		{468B051A-EF18-4404-8EBE-158F1C3EE07D}.Release|Any CPU.Build.0 = Release|Any CPU
		{468B051A-EF18-4404-8EBE-158F1C3EE07D}.Release|Mixed Platforms.ActiveCfg = Release|Any CPU
		{468B051A-EF18-4404-8EBE-158F1C3EE07D}.Release|Mixed Platforms.Build.0 = Release|Any CPU
		{468B051A-EF18-4404-8EBE-158F1C3EE07D}.Release|x64.ActiveCfg = Release|x64
		{468B051A-EF18-4404-8EBE-158F1C3EE07D}.Release|x64.Build.0 = Release|x64
		{468B051A-EF18-4404-8EBE-158F1C3EE07D}.Release|x86.ActiveCfg = Release|x86
		{468B051A-EF18-4404-8EBE-158F1C3EE07D}.Release|x86.Build.0 = Release|x86
		{5B8733F8-69D6-4545-9A7E-B3F44D7C9105}.Debug|Any CPU.ActiveCfg = Debug|Any CPU
		{5B8733F8-69D6-4545-9A7E-B3F44D7C9105}.Debug|Any CPU.Build.0 = Debug|Any CPU
		{5B8733F8-69D6-4545-9A7E-B3F44D7C9105}.Debug|Mixed Platforms.ActiveCfg = Debug|Any CPU
		{5B8733F8-69D6-4545-9A7E-B3F44D7C9105}.Debug|Mixed Platforms.Build.0 = Debug|Any CPU
		{5B8733F8-69D6-4545-9A7E-B3F44D7C9105}.Debug|x64.ActiveCfg = Debug|x64
		{5B8733F8-69D6-4545-9A7E-B3F44D7C9105}.Debug|x64.Build.0 = Debug|x64
		{5B8733F8-69D6-4545-9A7E-B3F44D7C9105}.Debug|x86.ActiveCfg = Debug|x86
		{5B8733F8-69D6-4545-9A7E-B3F44D7C9105}.Debug|x86.Build.0 = Debug|x86
		{5B8733F8-69D6-4545-9A7E-B3F44D7C9105}.Release|Any CPU.ActiveCfg = Release|Any CPU
		{5B8733F8-69D6-4545-9A7E-B3F44D7C9105}.Release|Any CPU.Build.0 = Release|Any CPU
		{5B8733F8-69D6-4545-9A7E-B3F44D7C9105}.Release|Mixed Platforms.ActiveCfg = Release|Any CPU
		{5B8733F8-69D6-4545-9A7E-B3F44D7C9105}.Release|Mixed Platforms.Build.0 = Release|Any CPU
		{5B8733F8-69D6-4545-9A7E-B3F44D7C9105}.Release|x64.ActiveCfg = Release|x64
		{5B8733F8-69D6-4545-9A7E-B3F44D7C9105}.Release|x64.Build.0 = Release|x64
		{5B8733F8-69D6-4545-9A7E-B3F44D7C9105}.Release|x86.ActiveCfg = Release|x86
		{5B8733F8-69D6-4545-9A7E-B3F44D7C9105}.Release|x86.Build.0 = Release|x86
		{DF9AA57E-C989-4496-9B6E-EA595C50AD7B}.Debug|Any CPU.ActiveCfg = Debug|Any CPU
		{DF9AA57E-C989-4496-9B6E-EA595C50AD7B}.Debug|Any CPU.Build.0 = Debug|Any CPU
		{DF9AA57E-C989-4496-9B6E-EA595C50AD7B}.Debug|Mixed Platforms.ActiveCfg = Debug|Any CPU
		{DF9AA57E-C989-4496-9B6E-EA595C50AD7B}.Debug|Mixed Platforms.Build.0 = Debug|Any CPU
		{DF9AA57E-C989-4496-9B6E-EA595C50AD7B}.Debug|x64.ActiveCfg = Debug|x64
		{DF9AA57E-C989-4496-9B6E-EA595C50AD7B}.Debug|x64.Build.0 = Debug|x64
		{DF9AA57E-C989-4496-9B6E-EA595C50AD7B}.Debug|x86.ActiveCfg = Debug|x86
		{DF9AA57E-C989-4496-9B6E-EA595C50AD7B}.Debug|x86.Build.0 = Debug|x86
		{DF9AA57E-C989-4496-9B6E-EA595C50AD7B}.Release|Any CPU.ActiveCfg = Release|Any CPU
		{DF9AA57E-C989-4496-9B6E-EA595C50AD7B}.Release|Any CPU.Build.0 = Release|Any CPU
		{DF9AA57E-C989-4496-9B6E-EA595C50AD7B}.Release|Mixed Platforms.ActiveCfg = Release|Any CPU
		{DF9AA57E-C989-4496-9B6E-EA595C50AD7B}.Release|Mixed Platforms.Build.0 = Release|Any CPU
		{DF9AA57E-C989-4496-9B6E-EA595C50AD7B}.Release|x64.ActiveCfg = Release|x64
		{DF9AA57E-C989-4496-9B6E-EA595C50AD7B}.Release|x64.Build.0 = Release|x64
		{DF9AA57E-C989-4496-9B6E-EA595C50AD7B}.Release|x86.ActiveCfg = Release|x86
		{DF9AA57E-C989-4496-9B6E-EA595C50AD7B}.Release|x86.Build.0 = Release|x86
		{4E8D1779-239A-4717-916A-FEFC431152DD}.Debug|Any CPU.ActiveCfg = Debug|Any CPU
		{4E8D1779-239A-4717-916A-FEFC431152DD}.Debug|Any CPU.Build.0 = Debug|Any CPU
		{4E8D1779-239A-4717-916A-FEFC431152DD}.Debug|Mixed Platforms.ActiveCfg = Debug|Any CPU
		{4E8D1779-239A-4717-916A-FEFC431152DD}.Debug|Mixed Platforms.Build.0 = Debug|Any CPU
		{4E8D1779-239A-4717-916A-FEFC431152DD}.Debug|x64.ActiveCfg = Debug|x64
		{4E8D1779-239A-4717-916A-FEFC431152DD}.Debug|x64.Build.0 = Debug|x64
		{4E8D1779-239A-4717-916A-FEFC431152DD}.Debug|x86.ActiveCfg = Debug|x86
		{4E8D1779-239A-4717-916A-FEFC431152DD}.Debug|x86.Build.0 = Debug|x86
		{4E8D1779-239A-4717-916A-FEFC431152DD}.Release|Any CPU.ActiveCfg = Release|Any CPU
		{4E8D1779-239A-4717-916A-FEFC431152DD}.Release|Any CPU.Build.0 = Release|Any CPU
		{4E8D1779-239A-4717-916A-FEFC431152DD}.Release|Mixed Platforms.ActiveCfg = Release|Any CPU
		{4E8D1779-239A-4717-916A-FEFC431152DD}.Release|Mixed Platforms.Build.0 = Release|Any CPU
		{4E8D1779-239A-4717-916A-FEFC431152DD}.Release|x64.ActiveCfg = Release|x64
		{4E8D1779-239A-4717-916A-FEFC431152DD}.Release|x64.Build.0 = Release|x64
		{4E8D1779-239A-4717-916A-FEFC431152DD}.Release|x86.ActiveCfg = Release|x86
		{4E8D1779-239A-4717-916A-FEFC431152DD}.Release|x86.Build.0 = Release|x86
		{9B166030-F3F8-4363-AC51-1B649D720B9D}.Debug|Any CPU.ActiveCfg = Debug|Any CPU
		{9B166030-F3F8-4363-AC51-1B649D720B9D}.Debug|Any CPU.Build.0 = Debug|Any CPU
		{9B166030-F3F8-4363-AC51-1B649D720B9D}.Debug|Mixed Platforms.ActiveCfg = Debug|Any CPU
		{9B166030-F3F8-4363-AC51-1B649D720B9D}.Debug|Mixed Platforms.Build.0 = Debug|Any CPU
		{9B166030-F3F8-4363-AC51-1B649D720B9D}.Debug|x64.ActiveCfg = Debug|x64
		{9B166030-F3F8-4363-AC51-1B649D720B9D}.Debug|x64.Build.0 = Debug|x64
		{9B166030-F3F8-4363-AC51-1B649D720B9D}.Debug|x86.ActiveCfg = Debug|x86
		{9B166030-F3F8-4363-AC51-1B649D720B9D}.Debug|x86.Build.0 = Debug|x86
		{9B166030-F3F8-4363-AC51-1B649D720B9D}.Release|Any CPU.ActiveCfg = Release|Any CPU
		{9B166030-F3F8-4363-AC51-1B649D720B9D}.Release|Any CPU.Build.0 = Release|Any CPU
		{9B166030-F3F8-4363-AC51-1B649D720B9D}.Release|Mixed Platforms.ActiveCfg = Release|Any CPU
		{9B166030-F3F8-4363-AC51-1B649D720B9D}.Release|Mixed Platforms.Build.0 = Release|Any CPU
		{9B166030-F3F8-4363-AC51-1B649D720B9D}.Release|x64.ActiveCfg = Release|x64
		{9B166030-F3F8-4363-AC51-1B649D720B9D}.Release|x64.Build.0 = Release|x64
		{9B166030-F3F8-4363-AC51-1B649D720B9D}.Release|x86.ActiveCfg = Release|x86
		{9B166030-F3F8-4363-AC51-1B649D720B9D}.Release|x86.Build.0 = Release|x86
		{EF3A95C6-77C8-4C6D-88AF-D64628D0FD3D}.Debug|Any CPU.ActiveCfg = Debug|Any CPU
		{EF3A95C6-77C8-4C6D-88AF-D64628D0FD3D}.Debug|Any CPU.Build.0 = Debug|Any CPU
		{EF3A95C6-77C8-4C6D-88AF-D64628D0FD3D}.Debug|Mixed Platforms.ActiveCfg = Debug|Any CPU
		{EF3A95C6-77C8-4C6D-88AF-D64628D0FD3D}.Debug|Mixed Platforms.Build.0 = Debug|Any CPU
		{EF3A95C6-77C8-4C6D-88AF-D64628D0FD3D}.Debug|x64.ActiveCfg = Debug|x64
		{EF3A95C6-77C8-4C6D-88AF-D64628D0FD3D}.Debug|x64.Build.0 = Debug|x64
		{EF3A95C6-77C8-4C6D-88AF-D64628D0FD3D}.Debug|x86.ActiveCfg = Debug|x86
		{EF3A95C6-77C8-4C6D-88AF-D64628D0FD3D}.Debug|x86.Build.0 = Debug|x86
		{EF3A95C6-77C8-4C6D-88AF-D64628D0FD3D}.Release|Any CPU.ActiveCfg = Release|Any CPU
		{EF3A95C6-77C8-4C6D-88AF-D64628D0FD3D}.Release|Any CPU.Build.0 = Release|Any CPU
		{EF3A95C6-77C8-4C6D-88AF-D64628D0FD3D}.Release|Mixed Platforms.ActiveCfg = Release|Any CPU
		{EF3A95C6-77C8-4C6D-88AF-D64628D0FD3D}.Release|Mixed Platforms.Build.0 = Release|Any CPU
		{EF3A95C6-77C8-4C6D-88AF-D64628D0FD3D}.Release|x64.ActiveCfg = Release|x64
		{EF3A95C6-77C8-4C6D-88AF-D64628D0FD3D}.Release|x64.Build.0 = Release|x64
		{EF3A95C6-77C8-4C6D-88AF-D64628D0FD3D}.Release|x86.ActiveCfg = Release|x86
		{EF3A95C6-77C8-4C6D-88AF-D64628D0FD3D}.Release|x86.Build.0 = Release|x86
		{07AF95F8-CBBD-4253-B84F-25A545CB12B9}.Debug|Any CPU.ActiveCfg = Debug|Any CPU
		{07AF95F8-CBBD-4253-B84F-25A545CB12B9}.Debug|Any CPU.Build.0 = Debug|Any CPU
		{07AF95F8-CBBD-4253-B84F-25A545CB12B9}.Debug|Mixed Platforms.ActiveCfg = Debug|Any CPU
		{07AF95F8-CBBD-4253-B84F-25A545CB12B9}.Debug|Mixed Platforms.Build.0 = Debug|Any CPU
		{07AF95F8-CBBD-4253-B84F-25A545CB12B9}.Debug|x64.ActiveCfg = Debug|x64
		{07AF95F8-CBBD-4253-B84F-25A545CB12B9}.Debug|x64.Build.0 = Debug|x64
		{07AF95F8-CBBD-4253-B84F-25A545CB12B9}.Debug|x86.ActiveCfg = Debug|x86
		{07AF95F8-CBBD-4253-B84F-25A545CB12B9}.Debug|x86.Build.0 = Debug|x86
		{07AF95F8-CBBD-4253-B84F-25A545CB12B9}.Release|Any CPU.ActiveCfg = Release|Any CPU
		{07AF95F8-CBBD-4253-B84F-25A545CB12B9}.Release|Any CPU.Build.0 = Release|Any CPU
		{07AF95F8-CBBD-4253-B84F-25A545CB12B9}.Release|Mixed Platforms.ActiveCfg = Release|Any CPU
		{07AF95F8-CBBD-4253-B84F-25A545CB12B9}.Release|Mixed Platforms.Build.0 = Release|Any CPU
		{07AF95F8-CBBD-4253-B84F-25A545CB12B9}.Release|x64.ActiveCfg = Release|x64
		{07AF95F8-CBBD-4253-B84F-25A545CB12B9}.Release|x64.Build.0 = Release|x64
		{07AF95F8-CBBD-4253-B84F-25A545CB12B9}.Release|x86.ActiveCfg = Release|x86
		{07AF95F8-CBBD-4253-B84F-25A545CB12B9}.Release|x86.Build.0 = Release|x86
		{3C1F6508-1016-4309-991D-2B03878B8F6C}.Debug|Any CPU.ActiveCfg = Debug|Any CPU
		{3C1F6508-1016-4309-991D-2B03878B8F6C}.Debug|Any CPU.Build.0 = Debug|Any CPU
		{3C1F6508-1016-4309-991D-2B03878B8F6C}.Debug|Mixed Platforms.ActiveCfg = Debug|Any CPU
		{3C1F6508-1016-4309-991D-2B03878B8F6C}.Debug|Mixed Platforms.Build.0 = Debug|Any CPU
		{3C1F6508-1016-4309-991D-2B03878B8F6C}.Debug|x64.ActiveCfg = Debug|x64
		{3C1F6508-1016-4309-991D-2B03878B8F6C}.Debug|x64.Build.0 = Debug|x64
		{3C1F6508-1016-4309-991D-2B03878B8F6C}.Debug|x86.ActiveCfg = Debug|x86
		{3C1F6508-1016-4309-991D-2B03878B8F6C}.Debug|x86.Build.0 = Debug|x86
		{3C1F6508-1016-4309-991D-2B03878B8F6C}.Release|Any CPU.ActiveCfg = Release|Any CPU
		{3C1F6508-1016-4309-991D-2B03878B8F6C}.Release|Any CPU.Build.0 = Release|Any CPU
		{3C1F6508-1016-4309-991D-2B03878B8F6C}.Release|Mixed Platforms.ActiveCfg = Release|Any CPU
		{3C1F6508-1016-4309-991D-2B03878B8F6C}.Release|Mixed Platforms.Build.0 = Release|Any CPU
		{3C1F6508-1016-4309-991D-2B03878B8F6C}.Release|x64.ActiveCfg = Release|x64
		{3C1F6508-1016-4309-991D-2B03878B8F6C}.Release|x64.Build.0 = Release|x64
		{3C1F6508-1016-4309-991D-2B03878B8F6C}.Release|x86.ActiveCfg = Release|x86
		{3C1F6508-1016-4309-991D-2B03878B8F6C}.Release|x86.Build.0 = Release|x86
		{56BE3D9C-B42B-4F0F-BCF4-2889C58E55F2}.Debug|Any CPU.ActiveCfg = Debug|Any CPU
		{56BE3D9C-B42B-4F0F-BCF4-2889C58E55F2}.Debug|Any CPU.Build.0 = Debug|Any CPU
		{56BE3D9C-B42B-4F0F-BCF4-2889C58E55F2}.Debug|Mixed Platforms.ActiveCfg = Debug|Any CPU
		{56BE3D9C-B42B-4F0F-BCF4-2889C58E55F2}.Debug|Mixed Platforms.Build.0 = Debug|Any CPU
		{56BE3D9C-B42B-4F0F-BCF4-2889C58E55F2}.Debug|x64.ActiveCfg = Debug|x64
		{56BE3D9C-B42B-4F0F-BCF4-2889C58E55F2}.Debug|x64.Build.0 = Debug|x64
		{56BE3D9C-B42B-4F0F-BCF4-2889C58E55F2}.Debug|x86.ActiveCfg = Debug|x86
		{56BE3D9C-B42B-4F0F-BCF4-2889C58E55F2}.Debug|x86.Build.0 = Debug|x86
		{56BE3D9C-B42B-4F0F-BCF4-2889C58E55F2}.Release|Any CPU.ActiveCfg = Release|Any CPU
		{56BE3D9C-B42B-4F0F-BCF4-2889C58E55F2}.Release|Any CPU.Build.0 = Release|Any CPU
		{56BE3D9C-B42B-4F0F-BCF4-2889C58E55F2}.Release|Mixed Platforms.ActiveCfg = Release|Any CPU
		{56BE3D9C-B42B-4F0F-BCF4-2889C58E55F2}.Release|Mixed Platforms.Build.0 = Release|Any CPU
		{56BE3D9C-B42B-4F0F-BCF4-2889C58E55F2}.Release|x64.ActiveCfg = Release|x64
		{56BE3D9C-B42B-4F0F-BCF4-2889C58E55F2}.Release|x64.Build.0 = Release|x64
		{56BE3D9C-B42B-4F0F-BCF4-2889C58E55F2}.Release|x86.ActiveCfg = Release|x86
		{56BE3D9C-B42B-4F0F-BCF4-2889C58E55F2}.Release|x86.Build.0 = Release|x86
		{97AB8004-EC3C-44DE-86A2-B875EEFD336D}.Debug|Any CPU.ActiveCfg = Debug|Any CPU
		{97AB8004-EC3C-44DE-86A2-B875EEFD336D}.Debug|Any CPU.Build.0 = Debug|Any CPU
		{97AB8004-EC3C-44DE-86A2-B875EEFD336D}.Debug|Mixed Platforms.ActiveCfg = Debug|Any CPU
		{97AB8004-EC3C-44DE-86A2-B875EEFD336D}.Debug|Mixed Platforms.Build.0 = Debug|Any CPU
		{97AB8004-EC3C-44DE-86A2-B875EEFD336D}.Debug|x64.ActiveCfg = Debug|x64
		{97AB8004-EC3C-44DE-86A2-B875EEFD336D}.Debug|x64.Build.0 = Debug|x64
		{97AB8004-EC3C-44DE-86A2-B875EEFD336D}.Debug|x86.ActiveCfg = Debug|x86
		{97AB8004-EC3C-44DE-86A2-B875EEFD336D}.Debug|x86.Build.0 = Debug|x86
		{97AB8004-EC3C-44DE-86A2-B875EEFD336D}.Release|Any CPU.ActiveCfg = Release|Any CPU
		{97AB8004-EC3C-44DE-86A2-B875EEFD336D}.Release|Any CPU.Build.0 = Release|Any CPU
		{97AB8004-EC3C-44DE-86A2-B875EEFD336D}.Release|Mixed Platforms.ActiveCfg = Release|Any CPU
		{97AB8004-EC3C-44DE-86A2-B875EEFD336D}.Release|Mixed Platforms.Build.0 = Release|Any CPU
		{97AB8004-EC3C-44DE-86A2-B875EEFD336D}.Release|x64.ActiveCfg = Release|x64
		{97AB8004-EC3C-44DE-86A2-B875EEFD336D}.Release|x64.Build.0 = Release|x64
		{97AB8004-EC3C-44DE-86A2-B875EEFD336D}.Release|x86.ActiveCfg = Release|x86
		{97AB8004-EC3C-44DE-86A2-B875EEFD336D}.Release|x86.Build.0 = Release|x86
		{97EA713F-516D-4E5D-A23B-73E96079C074}.Debug|Any CPU.ActiveCfg = Debug|Any CPU
		{97EA713F-516D-4E5D-A23B-73E96079C074}.Debug|Any CPU.Build.0 = Debug|Any CPU
		{97EA713F-516D-4E5D-A23B-73E96079C074}.Debug|Mixed Platforms.ActiveCfg = Debug|Any CPU
		{97EA713F-516D-4E5D-A23B-73E96079C074}.Debug|Mixed Platforms.Build.0 = Debug|Any CPU
		{97EA713F-516D-4E5D-A23B-73E96079C074}.Debug|x64.ActiveCfg = Debug|x64
		{97EA713F-516D-4E5D-A23B-73E96079C074}.Debug|x64.Build.0 = Debug|x64
		{97EA713F-516D-4E5D-A23B-73E96079C074}.Debug|x86.ActiveCfg = Debug|x86
		{97EA713F-516D-4E5D-A23B-73E96079C074}.Debug|x86.Build.0 = Debug|x86
		{97EA713F-516D-4E5D-A23B-73E96079C074}.Release|Any CPU.ActiveCfg = Release|Any CPU
		{97EA713F-516D-4E5D-A23B-73E96079C074}.Release|Any CPU.Build.0 = Release|Any CPU
		{97EA713F-516D-4E5D-A23B-73E96079C074}.Release|Mixed Platforms.ActiveCfg = Release|Any CPU
		{97EA713F-516D-4E5D-A23B-73E96079C074}.Release|Mixed Platforms.Build.0 = Release|Any CPU
		{97EA713F-516D-4E5D-A23B-73E96079C074}.Release|x64.ActiveCfg = Release|x64
		{97EA713F-516D-4E5D-A23B-73E96079C074}.Release|x64.Build.0 = Release|x64
		{97EA713F-516D-4E5D-A23B-73E96079C074}.Release|x86.ActiveCfg = Release|x86
		{97EA713F-516D-4E5D-A23B-73E96079C074}.Release|x86.Build.0 = Release|x86
		{E172C75C-1249-4AE9-AB0F-68C89AE46670}.Debug|Any CPU.ActiveCfg = Debug|Any CPU
		{E172C75C-1249-4AE9-AB0F-68C89AE46670}.Debug|Any CPU.Build.0 = Debug|Any CPU
		{E172C75C-1249-4AE9-AB0F-68C89AE46670}.Debug|Mixed Platforms.ActiveCfg = Debug|x86
		{E172C75C-1249-4AE9-AB0F-68C89AE46670}.Debug|Mixed Platforms.Build.0 = Debug|x86
		{E172C75C-1249-4AE9-AB0F-68C89AE46670}.Debug|x64.ActiveCfg = Debug|x64
		{E172C75C-1249-4AE9-AB0F-68C89AE46670}.Debug|x64.Build.0 = Debug|x64
		{E172C75C-1249-4AE9-AB0F-68C89AE46670}.Debug|x86.ActiveCfg = Debug|x86
		{E172C75C-1249-4AE9-AB0F-68C89AE46670}.Debug|x86.Build.0 = Debug|x86
		{E172C75C-1249-4AE9-AB0F-68C89AE46670}.Release|Any CPU.ActiveCfg = Release|Any CPU
		{E172C75C-1249-4AE9-AB0F-68C89AE46670}.Release|Any CPU.Build.0 = Release|Any CPU
		{E172C75C-1249-4AE9-AB0F-68C89AE46670}.Release|Mixed Platforms.ActiveCfg = Release|Any CPU
		{E172C75C-1249-4AE9-AB0F-68C89AE46670}.Release|Mixed Platforms.Build.0 = Release|Any CPU
		{E172C75C-1249-4AE9-AB0F-68C89AE46670}.Release|x64.ActiveCfg = Release|x64
		{E172C75C-1249-4AE9-AB0F-68C89AE46670}.Release|x64.Build.0 = Release|x64
		{E172C75C-1249-4AE9-AB0F-68C89AE46670}.Release|x86.ActiveCfg = Release|x86
		{E172C75C-1249-4AE9-AB0F-68C89AE46670}.Release|x86.Build.0 = Release|x86
		{D59B444F-BAE5-48EB-A17F-56BD6D4B5108}.Debug|Any CPU.ActiveCfg = Debug|Any CPU
		{D59B444F-BAE5-48EB-A17F-56BD6D4B5108}.Debug|Any CPU.Build.0 = Debug|Any CPU
		{D59B444F-BAE5-48EB-A17F-56BD6D4B5108}.Debug|Mixed Platforms.ActiveCfg = Debug|Any CPU
		{D59B444F-BAE5-48EB-A17F-56BD6D4B5108}.Debug|Mixed Platforms.Build.0 = Debug|Any CPU
		{D59B444F-BAE5-48EB-A17F-56BD6D4B5108}.Debug|x64.ActiveCfg = Debug|x64
		{D59B444F-BAE5-48EB-A17F-56BD6D4B5108}.Debug|x64.Build.0 = Debug|x64
		{D59B444F-BAE5-48EB-A17F-56BD6D4B5108}.Debug|x86.ActiveCfg = Debug|x86
		{D59B444F-BAE5-48EB-A17F-56BD6D4B5108}.Debug|x86.Build.0 = Debug|x86
		{D59B444F-BAE5-48EB-A17F-56BD6D4B5108}.Release|Any CPU.ActiveCfg = Release|Any CPU
		{D59B444F-BAE5-48EB-A17F-56BD6D4B5108}.Release|Any CPU.Build.0 = Release|Any CPU
		{D59B444F-BAE5-48EB-A17F-56BD6D4B5108}.Release|Mixed Platforms.ActiveCfg = Release|Any CPU
		{D59B444F-BAE5-48EB-A17F-56BD6D4B5108}.Release|Mixed Platforms.Build.0 = Release|Any CPU
		{D59B444F-BAE5-48EB-A17F-56BD6D4B5108}.Release|x64.ActiveCfg = Release|x64
		{D59B444F-BAE5-48EB-A17F-56BD6D4B5108}.Release|x64.Build.0 = Release|x64
		{D59B444F-BAE5-48EB-A17F-56BD6D4B5108}.Release|x86.ActiveCfg = Release|x86
		{D59B444F-BAE5-48EB-A17F-56BD6D4B5108}.Release|x86.Build.0 = Release|x86
		{907A26FA-EF2A-47A0-B2E0-53D4064B411C}.Debug|Any CPU.ActiveCfg = Debug|Any CPU
		{907A26FA-EF2A-47A0-B2E0-53D4064B411C}.Debug|Any CPU.Build.0 = Debug|Any CPU
		{907A26FA-EF2A-47A0-B2E0-53D4064B411C}.Debug|Mixed Platforms.ActiveCfg = Debug|Any CPU
		{907A26FA-EF2A-47A0-B2E0-53D4064B411C}.Debug|Mixed Platforms.Build.0 = Debug|Any CPU
		{907A26FA-EF2A-47A0-B2E0-53D4064B411C}.Debug|x64.ActiveCfg = Debug|x64
		{907A26FA-EF2A-47A0-B2E0-53D4064B411C}.Debug|x64.Build.0 = Debug|x64
		{907A26FA-EF2A-47A0-B2E0-53D4064B411C}.Debug|x86.ActiveCfg = Debug|x86
		{907A26FA-EF2A-47A0-B2E0-53D4064B411C}.Debug|x86.Build.0 = Debug|x86
		{907A26FA-EF2A-47A0-B2E0-53D4064B411C}.Release|Any CPU.ActiveCfg = Release|Any CPU
		{907A26FA-EF2A-47A0-B2E0-53D4064B411C}.Release|Any CPU.Build.0 = Release|Any CPU
		{907A26FA-EF2A-47A0-B2E0-53D4064B411C}.Release|Mixed Platforms.ActiveCfg = Release|Any CPU
		{907A26FA-EF2A-47A0-B2E0-53D4064B411C}.Release|Mixed Platforms.Build.0 = Release|Any CPU
		{907A26FA-EF2A-47A0-B2E0-53D4064B411C}.Release|x64.ActiveCfg = Release|x64
		{907A26FA-EF2A-47A0-B2E0-53D4064B411C}.Release|x64.Build.0 = Release|x64
		{907A26FA-EF2A-47A0-B2E0-53D4064B411C}.Release|x86.ActiveCfg = Release|x86
		{907A26FA-EF2A-47A0-B2E0-53D4064B411C}.Release|x86.Build.0 = Release|x86
		{38BE3FC8-42A9-4CEE-B0AB-98230E9BC3E1}.Debug|Any CPU.ActiveCfg = Debug|Any CPU
		{38BE3FC8-42A9-4CEE-B0AB-98230E9BC3E1}.Debug|Any CPU.Build.0 = Debug|Any CPU
		{38BE3FC8-42A9-4CEE-B0AB-98230E9BC3E1}.Debug|Mixed Platforms.ActiveCfg = Debug|Any CPU
		{38BE3FC8-42A9-4CEE-B0AB-98230E9BC3E1}.Debug|Mixed Platforms.Build.0 = Debug|Any CPU
		{38BE3FC8-42A9-4CEE-B0AB-98230E9BC3E1}.Debug|x64.ActiveCfg = Debug|x64
		{38BE3FC8-42A9-4CEE-B0AB-98230E9BC3E1}.Debug|x64.Build.0 = Debug|x64
		{38BE3FC8-42A9-4CEE-B0AB-98230E9BC3E1}.Debug|x86.ActiveCfg = Debug|x86
		{38BE3FC8-42A9-4CEE-B0AB-98230E9BC3E1}.Debug|x86.Build.0 = Debug|x86
		{38BE3FC8-42A9-4CEE-B0AB-98230E9BC3E1}.Release|Any CPU.ActiveCfg = Release|Any CPU
		{38BE3FC8-42A9-4CEE-B0AB-98230E9BC3E1}.Release|Any CPU.Build.0 = Release|Any CPU
		{38BE3FC8-42A9-4CEE-B0AB-98230E9BC3E1}.Release|Mixed Platforms.ActiveCfg = Release|Any CPU
		{38BE3FC8-42A9-4CEE-B0AB-98230E9BC3E1}.Release|Mixed Platforms.Build.0 = Release|Any CPU
		{38BE3FC8-42A9-4CEE-B0AB-98230E9BC3E1}.Release|x64.ActiveCfg = Release|x64
		{38BE3FC8-42A9-4CEE-B0AB-98230E9BC3E1}.Release|x64.Build.0 = Release|x64
		{38BE3FC8-42A9-4CEE-B0AB-98230E9BC3E1}.Release|x86.ActiveCfg = Release|x86
		{38BE3FC8-42A9-4CEE-B0AB-98230E9BC3E1}.Release|x86.Build.0 = Release|x86
		{51EC19FA-7D49-434E-A835-2C51B00A7DA7}.Debug|Any CPU.ActiveCfg = Debug|Any CPU
		{51EC19FA-7D49-434E-A835-2C51B00A7DA7}.Debug|Any CPU.Build.0 = Debug|Any CPU
		{51EC19FA-7D49-434E-A835-2C51B00A7DA7}.Debug|Mixed Platforms.ActiveCfg = Debug|Any CPU
		{51EC19FA-7D49-434E-A835-2C51B00A7DA7}.Debug|Mixed Platforms.Build.0 = Debug|Any CPU
		{51EC19FA-7D49-434E-A835-2C51B00A7DA7}.Debug|x64.ActiveCfg = Debug|x64
		{51EC19FA-7D49-434E-A835-2C51B00A7DA7}.Debug|x64.Build.0 = Debug|x64
		{51EC19FA-7D49-434E-A835-2C51B00A7DA7}.Debug|x86.ActiveCfg = Debug|x86
		{51EC19FA-7D49-434E-A835-2C51B00A7DA7}.Debug|x86.Build.0 = Debug|x86
		{51EC19FA-7D49-434E-A835-2C51B00A7DA7}.Release|Any CPU.ActiveCfg = Release|Any CPU
		{51EC19FA-7D49-434E-A835-2C51B00A7DA7}.Release|Any CPU.Build.0 = Release|Any CPU
		{51EC19FA-7D49-434E-A835-2C51B00A7DA7}.Release|Mixed Platforms.ActiveCfg = Release|Any CPU
		{51EC19FA-7D49-434E-A835-2C51B00A7DA7}.Release|Mixed Platforms.Build.0 = Release|Any CPU
		{51EC19FA-7D49-434E-A835-2C51B00A7DA7}.Release|x64.ActiveCfg = Release|x64
		{51EC19FA-7D49-434E-A835-2C51B00A7DA7}.Release|x64.Build.0 = Release|x64
		{51EC19FA-7D49-434E-A835-2C51B00A7DA7}.Release|x86.ActiveCfg = Release|x86
		{51EC19FA-7D49-434E-A835-2C51B00A7DA7}.Release|x86.Build.0 = Release|x86
		{5D3688F4-2662-4344-B55D-7A6256647F68}.Debug|Any CPU.ActiveCfg = Debug|Any CPU
		{5D3688F4-2662-4344-B55D-7A6256647F68}.Debug|Any CPU.Build.0 = Debug|Any CPU
		{5D3688F4-2662-4344-B55D-7A6256647F68}.Debug|Mixed Platforms.ActiveCfg = Debug|Any CPU
		{5D3688F4-2662-4344-B55D-7A6256647F68}.Debug|Mixed Platforms.Build.0 = Debug|Any CPU
		{5D3688F4-2662-4344-B55D-7A6256647F68}.Debug|x64.ActiveCfg = Debug|x64
		{5D3688F4-2662-4344-B55D-7A6256647F68}.Debug|x64.Build.0 = Debug|x64
		{5D3688F4-2662-4344-B55D-7A6256647F68}.Debug|x86.ActiveCfg = Debug|x86
		{5D3688F4-2662-4344-B55D-7A6256647F68}.Debug|x86.Build.0 = Debug|x86
		{5D3688F4-2662-4344-B55D-7A6256647F68}.Release|Any CPU.ActiveCfg = Release|Any CPU
		{5D3688F4-2662-4344-B55D-7A6256647F68}.Release|Any CPU.Build.0 = Release|Any CPU
		{5D3688F4-2662-4344-B55D-7A6256647F68}.Release|Mixed Platforms.ActiveCfg = Release|Any CPU
		{5D3688F4-2662-4344-B55D-7A6256647F68}.Release|Mixed Platforms.Build.0 = Release|Any CPU
		{5D3688F4-2662-4344-B55D-7A6256647F68}.Release|x64.ActiveCfg = Release|x64
		{5D3688F4-2662-4344-B55D-7A6256647F68}.Release|x64.Build.0 = Release|x64
		{5D3688F4-2662-4344-B55D-7A6256647F68}.Release|x86.ActiveCfg = Release|x86
		{5D3688F4-2662-4344-B55D-7A6256647F68}.Release|x86.Build.0 = Release|x86
		{F8C0FE1D-DD7D-43E4-A340-249D3C80331B}.Debug|Any CPU.ActiveCfg = Debug|Any CPU
		{F8C0FE1D-DD7D-43E4-A340-249D3C80331B}.Debug|Any CPU.Build.0 = Debug|Any CPU
		{F8C0FE1D-DD7D-43E4-A340-249D3C80331B}.Debug|Mixed Platforms.ActiveCfg = Debug|Any CPU
		{F8C0FE1D-DD7D-43E4-A340-249D3C80331B}.Debug|Mixed Platforms.Build.0 = Debug|Any CPU
		{F8C0FE1D-DD7D-43E4-A340-249D3C80331B}.Debug|x64.ActiveCfg = Debug|x64
		{F8C0FE1D-DD7D-43E4-A340-249D3C80331B}.Debug|x64.Build.0 = Debug|x64
		{F8C0FE1D-DD7D-43E4-A340-249D3C80331B}.Debug|x86.ActiveCfg = Debug|x86
		{F8C0FE1D-DD7D-43E4-A340-249D3C80331B}.Debug|x86.Build.0 = Debug|x86
		{F8C0FE1D-DD7D-43E4-A340-249D3C80331B}.Release|Any CPU.ActiveCfg = Release|Any CPU
		{F8C0FE1D-DD7D-43E4-A340-249D3C80331B}.Release|Any CPU.Build.0 = Release|Any CPU
		{F8C0FE1D-DD7D-43E4-A340-249D3C80331B}.Release|Mixed Platforms.ActiveCfg = Release|Any CPU
		{F8C0FE1D-DD7D-43E4-A340-249D3C80331B}.Release|Mixed Platforms.Build.0 = Release|Any CPU
		{F8C0FE1D-DD7D-43E4-A340-249D3C80331B}.Release|x64.ActiveCfg = Release|x64
		{F8C0FE1D-DD7D-43E4-A340-249D3C80331B}.Release|x64.Build.0 = Release|x64
		{F8C0FE1D-DD7D-43E4-A340-249D3C80331B}.Release|x86.ActiveCfg = Release|x86
		{F8C0FE1D-DD7D-43E4-A340-249D3C80331B}.Release|x86.Build.0 = Release|x86
		{3CD17D8D-4F49-480E-9162-65CD9B14B85D}.Debug|Any CPU.ActiveCfg = Debug|Any CPU
		{3CD17D8D-4F49-480E-9162-65CD9B14B85D}.Debug|Any CPU.Build.0 = Debug|Any CPU
		{3CD17D8D-4F49-480E-9162-65CD9B14B85D}.Debug|Mixed Platforms.ActiveCfg = Debug|Any CPU
		{3CD17D8D-4F49-480E-9162-65CD9B14B85D}.Debug|Mixed Platforms.Build.0 = Debug|Any CPU
		{3CD17D8D-4F49-480E-9162-65CD9B14B85D}.Debug|x64.ActiveCfg = Debug|x64
		{3CD17D8D-4F49-480E-9162-65CD9B14B85D}.Debug|x64.Build.0 = Debug|x64
		{3CD17D8D-4F49-480E-9162-65CD9B14B85D}.Debug|x86.ActiveCfg = Debug|x86
		{3CD17D8D-4F49-480E-9162-65CD9B14B85D}.Debug|x86.Build.0 = Debug|x86
		{3CD17D8D-4F49-480E-9162-65CD9B14B85D}.Release|Any CPU.ActiveCfg = Release|Any CPU
		{3CD17D8D-4F49-480E-9162-65CD9B14B85D}.Release|Any CPU.Build.0 = Release|Any CPU
		{3CD17D8D-4F49-480E-9162-65CD9B14B85D}.Release|Mixed Platforms.ActiveCfg = Release|Any CPU
		{3CD17D8D-4F49-480E-9162-65CD9B14B85D}.Release|Mixed Platforms.Build.0 = Release|Any CPU
		{3CD17D8D-4F49-480E-9162-65CD9B14B85D}.Release|x64.ActiveCfg = Release|x64
		{3CD17D8D-4F49-480E-9162-65CD9B14B85D}.Release|x64.Build.0 = Release|x64
		{3CD17D8D-4F49-480E-9162-65CD9B14B85D}.Release|x86.ActiveCfg = Release|x86
		{3CD17D8D-4F49-480E-9162-65CD9B14B85D}.Release|x86.Build.0 = Release|x86
		{8D7BD1AD-0EB8-48D2-AADC-9253A66E0AED}.Debug|Any CPU.ActiveCfg = Debug|Any CPU
		{8D7BD1AD-0EB8-48D2-AADC-9253A66E0AED}.Debug|Any CPU.Build.0 = Debug|Any CPU
		{8D7BD1AD-0EB8-48D2-AADC-9253A66E0AED}.Debug|Mixed Platforms.ActiveCfg = Debug|Any CPU
		{8D7BD1AD-0EB8-48D2-AADC-9253A66E0AED}.Debug|Mixed Platforms.Build.0 = Debug|Any CPU
		{8D7BD1AD-0EB8-48D2-AADC-9253A66E0AED}.Debug|x64.ActiveCfg = Debug|x64
		{8D7BD1AD-0EB8-48D2-AADC-9253A66E0AED}.Debug|x64.Build.0 = Debug|x64
		{8D7BD1AD-0EB8-48D2-AADC-9253A66E0AED}.Debug|x86.ActiveCfg = Debug|x86
		{8D7BD1AD-0EB8-48D2-AADC-9253A66E0AED}.Debug|x86.Build.0 = Debug|x86
		{8D7BD1AD-0EB8-48D2-AADC-9253A66E0AED}.Release|Any CPU.ActiveCfg = Release|Any CPU
		{8D7BD1AD-0EB8-48D2-AADC-9253A66E0AED}.Release|Any CPU.Build.0 = Release|Any CPU
		{8D7BD1AD-0EB8-48D2-AADC-9253A66E0AED}.Release|Mixed Platforms.ActiveCfg = Release|Any CPU
		{8D7BD1AD-0EB8-48D2-AADC-9253A66E0AED}.Release|Mixed Platforms.Build.0 = Release|Any CPU
		{8D7BD1AD-0EB8-48D2-AADC-9253A66E0AED}.Release|x64.ActiveCfg = Release|x64
		{8D7BD1AD-0EB8-48D2-AADC-9253A66E0AED}.Release|x64.Build.0 = Release|x64
		{8D7BD1AD-0EB8-48D2-AADC-9253A66E0AED}.Release|x86.ActiveCfg = Release|x86
		{8D7BD1AD-0EB8-48D2-AADC-9253A66E0AED}.Release|x86.Build.0 = Release|x86
		{8E010A3F-7DAD-40C8-AC2B-86960B3C8152}.Debug|Any CPU.ActiveCfg = Debug|Any CPU
		{8E010A3F-7DAD-40C8-AC2B-86960B3C8152}.Debug|Any CPU.Build.0 = Debug|Any CPU
		{8E010A3F-7DAD-40C8-AC2B-86960B3C8152}.Debug|Mixed Platforms.ActiveCfg = Debug|Any CPU
		{8E010A3F-7DAD-40C8-AC2B-86960B3C8152}.Debug|Mixed Platforms.Build.0 = Debug|Any CPU
		{8E010A3F-7DAD-40C8-AC2B-86960B3C8152}.Debug|x64.ActiveCfg = Debug|x64
		{8E010A3F-7DAD-40C8-AC2B-86960B3C8152}.Debug|x64.Build.0 = Debug|x64
		{8E010A3F-7DAD-40C8-AC2B-86960B3C8152}.Debug|x86.ActiveCfg = Debug|x86
		{8E010A3F-7DAD-40C8-AC2B-86960B3C8152}.Debug|x86.Build.0 = Debug|x86
		{8E010A3F-7DAD-40C8-AC2B-86960B3C8152}.Release|Any CPU.ActiveCfg = Release|Any CPU
		{8E010A3F-7DAD-40C8-AC2B-86960B3C8152}.Release|Any CPU.Build.0 = Release|Any CPU
		{8E010A3F-7DAD-40C8-AC2B-86960B3C8152}.Release|Mixed Platforms.ActiveCfg = Release|Any CPU
		{8E010A3F-7DAD-40C8-AC2B-86960B3C8152}.Release|Mixed Platforms.Build.0 = Release|Any CPU
		{8E010A3F-7DAD-40C8-AC2B-86960B3C8152}.Release|x64.ActiveCfg = Release|x64
		{8E010A3F-7DAD-40C8-AC2B-86960B3C8152}.Release|x64.Build.0 = Release|x64
		{8E010A3F-7DAD-40C8-AC2B-86960B3C8152}.Release|x86.ActiveCfg = Release|x86
		{8E010A3F-7DAD-40C8-AC2B-86960B3C8152}.Release|x86.Build.0 = Release|x86
		{DB994649-5DCF-4F96-B7BA-AA9B1FC6CE07}.Debug|Any CPU.ActiveCfg = Debug|Any CPU
		{DB994649-5DCF-4F96-B7BA-AA9B1FC6CE07}.Debug|Any CPU.Build.0 = Debug|Any CPU
		{DB994649-5DCF-4F96-B7BA-AA9B1FC6CE07}.Debug|Mixed Platforms.ActiveCfg = Debug|Any CPU
		{DB994649-5DCF-4F96-B7BA-AA9B1FC6CE07}.Debug|Mixed Platforms.Build.0 = Debug|Any CPU
		{DB994649-5DCF-4F96-B7BA-AA9B1FC6CE07}.Debug|x64.ActiveCfg = Debug|x64
		{DB994649-5DCF-4F96-B7BA-AA9B1FC6CE07}.Debug|x64.Build.0 = Debug|x64
		{DB994649-5DCF-4F96-B7BA-AA9B1FC6CE07}.Debug|x86.ActiveCfg = Debug|x86
		{DB994649-5DCF-4F96-B7BA-AA9B1FC6CE07}.Debug|x86.Build.0 = Debug|x86
		{DB994649-5DCF-4F96-B7BA-AA9B1FC6CE07}.Release|Any CPU.ActiveCfg = Release|Any CPU
		{DB994649-5DCF-4F96-B7BA-AA9B1FC6CE07}.Release|Any CPU.Build.0 = Release|Any CPU
		{DB994649-5DCF-4F96-B7BA-AA9B1FC6CE07}.Release|Mixed Platforms.ActiveCfg = Release|Any CPU
		{DB994649-5DCF-4F96-B7BA-AA9B1FC6CE07}.Release|Mixed Platforms.Build.0 = Release|Any CPU
		{DB994649-5DCF-4F96-B7BA-AA9B1FC6CE07}.Release|x64.ActiveCfg = Release|x64
		{DB994649-5DCF-4F96-B7BA-AA9B1FC6CE07}.Release|x64.Build.0 = Release|x64
		{DB994649-5DCF-4F96-B7BA-AA9B1FC6CE07}.Release|x86.ActiveCfg = Release|x86
		{DB994649-5DCF-4F96-B7BA-AA9B1FC6CE07}.Release|x86.Build.0 = Release|x86
		{A5F980DB-A9BD-4831-8D48-8D6629BEC8C2}.Debug|Any CPU.ActiveCfg = Debug|Any CPU
		{A5F980DB-A9BD-4831-8D48-8D6629BEC8C2}.Debug|Any CPU.Build.0 = Debug|Any CPU
		{A5F980DB-A9BD-4831-8D48-8D6629BEC8C2}.Debug|Mixed Platforms.ActiveCfg = Debug|Any CPU
		{A5F980DB-A9BD-4831-8D48-8D6629BEC8C2}.Debug|Mixed Platforms.Build.0 = Debug|Any CPU
		{A5F980DB-A9BD-4831-8D48-8D6629BEC8C2}.Debug|x64.ActiveCfg = Debug|x64
		{A5F980DB-A9BD-4831-8D48-8D6629BEC8C2}.Debug|x64.Build.0 = Debug|x64
		{A5F980DB-A9BD-4831-8D48-8D6629BEC8C2}.Debug|x86.ActiveCfg = Debug|x86
		{A5F980DB-A9BD-4831-8D48-8D6629BEC8C2}.Debug|x86.Build.0 = Debug|x86
		{A5F980DB-A9BD-4831-8D48-8D6629BEC8C2}.Release|Any CPU.ActiveCfg = Release|Any CPU
		{A5F980DB-A9BD-4831-8D48-8D6629BEC8C2}.Release|Any CPU.Build.0 = Release|Any CPU
		{A5F980DB-A9BD-4831-8D48-8D6629BEC8C2}.Release|Mixed Platforms.ActiveCfg = Release|Any CPU
		{A5F980DB-A9BD-4831-8D48-8D6629BEC8C2}.Release|Mixed Platforms.Build.0 = Release|Any CPU
		{A5F980DB-A9BD-4831-8D48-8D6629BEC8C2}.Release|x64.ActiveCfg = Release|x64
		{A5F980DB-A9BD-4831-8D48-8D6629BEC8C2}.Release|x64.Build.0 = Release|x64
		{A5F980DB-A9BD-4831-8D48-8D6629BEC8C2}.Release|x86.ActiveCfg = Release|x86
		{A5F980DB-A9BD-4831-8D48-8D6629BEC8C2}.Release|x86.Build.0 = Release|x86
		{6B6433B7-3A8E-4FAE-B8BA-8B5C49FC5BB2}.Debug|Any CPU.ActiveCfg = Debug|x86
		{6B6433B7-3A8E-4FAE-B8BA-8B5C49FC5BB2}.Debug|Mixed Platforms.ActiveCfg = Debug|x86
		{6B6433B7-3A8E-4FAE-B8BA-8B5C49FC5BB2}.Debug|Mixed Platforms.Build.0 = Debug|x86
		{6B6433B7-3A8E-4FAE-B8BA-8B5C49FC5BB2}.Debug|x64.ActiveCfg = Debug|x86
		{6B6433B7-3A8E-4FAE-B8BA-8B5C49FC5BB2}.Debug|x86.ActiveCfg = Debug|x86
		{6B6433B7-3A8E-4FAE-B8BA-8B5C49FC5BB2}.Debug|x86.Build.0 = Debug|x86
		{6B6433B7-3A8E-4FAE-B8BA-8B5C49FC5BB2}.Release|Any CPU.ActiveCfg = Release|x86
		{6B6433B7-3A8E-4FAE-B8BA-8B5C49FC5BB2}.Release|Mixed Platforms.ActiveCfg = Release|x86
		{6B6433B7-3A8E-4FAE-B8BA-8B5C49FC5BB2}.Release|Mixed Platforms.Build.0 = Release|x86
		{6B6433B7-3A8E-4FAE-B8BA-8B5C49FC5BB2}.Release|x64.ActiveCfg = Release|x86
		{6B6433B7-3A8E-4FAE-B8BA-8B5C49FC5BB2}.Release|x86.ActiveCfg = Release|x86
		{6B6433B7-3A8E-4FAE-B8BA-8B5C49FC5BB2}.Release|x86.Build.0 = Release|x86
		{E3B86BDC-0DC7-4D3E-86B1-2174B0D87DFE}.Debug|Any CPU.ActiveCfg = Debug|x86
		{E3B86BDC-0DC7-4D3E-86B1-2174B0D87DFE}.Debug|Mixed Platforms.ActiveCfg = Debug|x86
		{E3B86BDC-0DC7-4D3E-86B1-2174B0D87DFE}.Debug|x64.ActiveCfg = Debug|x86
		{E3B86BDC-0DC7-4D3E-86B1-2174B0D87DFE}.Debug|x86.ActiveCfg = Debug|x86
		{E3B86BDC-0DC7-4D3E-86B1-2174B0D87DFE}.Debug|x86.Build.0 = Debug|x86
		{E3B86BDC-0DC7-4D3E-86B1-2174B0D87DFE}.Release|Any CPU.ActiveCfg = Release|x86
		{E3B86BDC-0DC7-4D3E-86B1-2174B0D87DFE}.Release|Mixed Platforms.ActiveCfg = Release|x86
		{E3B86BDC-0DC7-4D3E-86B1-2174B0D87DFE}.Release|x64.ActiveCfg = Release|x86
		{E3B86BDC-0DC7-4D3E-86B1-2174B0D87DFE}.Release|x86.ActiveCfg = Release|x86
		{67D0F6A8-9B3C-4C5F-817E-0077183DAA75}.Debug|Any CPU.ActiveCfg = Debug|Any CPU
		{67D0F6A8-9B3C-4C5F-817E-0077183DAA75}.Debug|Any CPU.Build.0 = Debug|Any CPU
		{67D0F6A8-9B3C-4C5F-817E-0077183DAA75}.Debug|Mixed Platforms.ActiveCfg = Debug|x86
		{67D0F6A8-9B3C-4C5F-817E-0077183DAA75}.Debug|Mixed Platforms.Build.0 = Debug|x86
		{67D0F6A8-9B3C-4C5F-817E-0077183DAA75}.Debug|x64.ActiveCfg = Debug|x64
		{67D0F6A8-9B3C-4C5F-817E-0077183DAA75}.Debug|x64.Build.0 = Debug|x64
		{67D0F6A8-9B3C-4C5F-817E-0077183DAA75}.Debug|x86.ActiveCfg = Debug|x86
		{67D0F6A8-9B3C-4C5F-817E-0077183DAA75}.Debug|x86.Build.0 = Debug|x86
		{67D0F6A8-9B3C-4C5F-817E-0077183DAA75}.Release|Any CPU.ActiveCfg = Release|Any CPU
		{67D0F6A8-9B3C-4C5F-817E-0077183DAA75}.Release|Any CPU.Build.0 = Release|Any CPU
		{67D0F6A8-9B3C-4C5F-817E-0077183DAA75}.Release|Mixed Platforms.ActiveCfg = Release|Any CPU
		{67D0F6A8-9B3C-4C5F-817E-0077183DAA75}.Release|Mixed Platforms.Build.0 = Release|Any CPU
		{67D0F6A8-9B3C-4C5F-817E-0077183DAA75}.Release|x64.ActiveCfg = Release|Any CPU
		{67D0F6A8-9B3C-4C5F-817E-0077183DAA75}.Release|x86.ActiveCfg = Release|x86
		{67D0F6A8-9B3C-4C5F-817E-0077183DAA75}.Release|x86.Build.0 = Release|x86
		{5C288FFD-574F-4984-88B5-39D8FFDF0111}.Debug|Any CPU.ActiveCfg = Debug|Any CPU
		{5C288FFD-574F-4984-88B5-39D8FFDF0111}.Debug|Any CPU.Build.0 = Debug|Any CPU
		{5C288FFD-574F-4984-88B5-39D8FFDF0111}.Debug|Mixed Platforms.ActiveCfg = Debug|Any CPU
		{5C288FFD-574F-4984-88B5-39D8FFDF0111}.Debug|Mixed Platforms.Build.0 = Debug|Any CPU
		{5C288FFD-574F-4984-88B5-39D8FFDF0111}.Debug|x64.ActiveCfg = Debug|Any CPU
		{5C288FFD-574F-4984-88B5-39D8FFDF0111}.Debug|x64.Build.0 = Debug|Any CPU
		{5C288FFD-574F-4984-88B5-39D8FFDF0111}.Debug|x86.ActiveCfg = Debug|Any CPU
		{5C288FFD-574F-4984-88B5-39D8FFDF0111}.Debug|x86.Build.0 = Debug|Any CPU
		{5C288FFD-574F-4984-88B5-39D8FFDF0111}.Release|Any CPU.ActiveCfg = Release|Any CPU
		{5C288FFD-574F-4984-88B5-39D8FFDF0111}.Release|Any CPU.Build.0 = Release|Any CPU
		{5C288FFD-574F-4984-88B5-39D8FFDF0111}.Release|Mixed Platforms.ActiveCfg = Release|Any CPU
		{5C288FFD-574F-4984-88B5-39D8FFDF0111}.Release|Mixed Platforms.Build.0 = Release|Any CPU
		{5C288FFD-574F-4984-88B5-39D8FFDF0111}.Release|x64.ActiveCfg = Release|Any CPU
		{5C288FFD-574F-4984-88B5-39D8FFDF0111}.Release|x64.Build.0 = Release|Any CPU
		{5C288FFD-574F-4984-88B5-39D8FFDF0111}.Release|x86.ActiveCfg = Release|Any CPU
		{5C288FFD-574F-4984-88B5-39D8FFDF0111}.Release|x86.Build.0 = Release|Any CPU
		{1771FAF4-2F90-45FD-A3A9-E8A9B4FD90BA}.Debug|Any CPU.ActiveCfg = Debug|Any CPU
		{1771FAF4-2F90-45FD-A3A9-E8A9B4FD90BA}.Debug|Any CPU.Build.0 = Debug|Any CPU
		{1771FAF4-2F90-45FD-A3A9-E8A9B4FD90BA}.Debug|Mixed Platforms.ActiveCfg = Debug|Any CPU
		{1771FAF4-2F90-45FD-A3A9-E8A9B4FD90BA}.Debug|Mixed Platforms.Build.0 = Debug|Any CPU
		{1771FAF4-2F90-45FD-A3A9-E8A9B4FD90BA}.Debug|x64.ActiveCfg = Debug|Any CPU
		{1771FAF4-2F90-45FD-A3A9-E8A9B4FD90BA}.Debug|x64.Build.0 = Debug|Any CPU
		{1771FAF4-2F90-45FD-A3A9-E8A9B4FD90BA}.Debug|x86.ActiveCfg = Debug|Any CPU
		{1771FAF4-2F90-45FD-A3A9-E8A9B4FD90BA}.Debug|x86.Build.0 = Debug|Any CPU
		{1771FAF4-2F90-45FD-A3A9-E8A9B4FD90BA}.Release|Any CPU.ActiveCfg = Release|Any CPU
		{1771FAF4-2F90-45FD-A3A9-E8A9B4FD90BA}.Release|Any CPU.Build.0 = Release|Any CPU
		{1771FAF4-2F90-45FD-A3A9-E8A9B4FD90BA}.Release|Mixed Platforms.ActiveCfg = Release|Any CPU
		{1771FAF4-2F90-45FD-A3A9-E8A9B4FD90BA}.Release|Mixed Platforms.Build.0 = Release|Any CPU
		{1771FAF4-2F90-45FD-A3A9-E8A9B4FD90BA}.Release|x64.ActiveCfg = Release|Any CPU
		{1771FAF4-2F90-45FD-A3A9-E8A9B4FD90BA}.Release|x64.Build.0 = Release|Any CPU
		{1771FAF4-2F90-45FD-A3A9-E8A9B4FD90BA}.Release|x86.ActiveCfg = Release|Any CPU
		{1771FAF4-2F90-45FD-A3A9-E8A9B4FD90BA}.Release|x86.Build.0 = Release|Any CPU
		{B6A2334B-DF72-4B3C-9AD8-C6EC2D8A79A1}.Debug|Any CPU.ActiveCfg = Debug|Any CPU
		{B6A2334B-DF72-4B3C-9AD8-C6EC2D8A79A1}.Debug|Any CPU.Build.0 = Debug|Any CPU
		{B6A2334B-DF72-4B3C-9AD8-C6EC2D8A79A1}.Debug|Mixed Platforms.ActiveCfg = Debug|Any CPU
		{B6A2334B-DF72-4B3C-9AD8-C6EC2D8A79A1}.Debug|Mixed Platforms.Build.0 = Debug|Any CPU
		{B6A2334B-DF72-4B3C-9AD8-C6EC2D8A79A1}.Debug|x64.ActiveCfg = Debug|Any CPU
		{B6A2334B-DF72-4B3C-9AD8-C6EC2D8A79A1}.Debug|x64.Build.0 = Debug|Any CPU
		{B6A2334B-DF72-4B3C-9AD8-C6EC2D8A79A1}.Debug|x86.ActiveCfg = Debug|Any CPU
		{B6A2334B-DF72-4B3C-9AD8-C6EC2D8A79A1}.Debug|x86.Build.0 = Debug|Any CPU
		{B6A2334B-DF72-4B3C-9AD8-C6EC2D8A79A1}.Release|Any CPU.ActiveCfg = Release|Any CPU
		{B6A2334B-DF72-4B3C-9AD8-C6EC2D8A79A1}.Release|Any CPU.Build.0 = Release|Any CPU
		{B6A2334B-DF72-4B3C-9AD8-C6EC2D8A79A1}.Release|Mixed Platforms.ActiveCfg = Release|Any CPU
		{B6A2334B-DF72-4B3C-9AD8-C6EC2D8A79A1}.Release|Mixed Platforms.Build.0 = Release|Any CPU
		{B6A2334B-DF72-4B3C-9AD8-C6EC2D8A79A1}.Release|x64.ActiveCfg = Release|Any CPU
		{B6A2334B-DF72-4B3C-9AD8-C6EC2D8A79A1}.Release|x64.Build.0 = Release|Any CPU
		{B6A2334B-DF72-4B3C-9AD8-C6EC2D8A79A1}.Release|x86.ActiveCfg = Release|Any CPU
		{B6A2334B-DF72-4B3C-9AD8-C6EC2D8A79A1}.Release|x86.Build.0 = Release|Any CPU
		{A956475D-1C1B-4C2E-BCF4-7B1DFD06B183}.Debug|Any CPU.ActiveCfg = Debug|Any CPU
		{A956475D-1C1B-4C2E-BCF4-7B1DFD06B183}.Debug|Any CPU.Build.0 = Debug|Any CPU
		{A956475D-1C1B-4C2E-BCF4-7B1DFD06B183}.Debug|Mixed Platforms.ActiveCfg = Debug|Any CPU
		{A956475D-1C1B-4C2E-BCF4-7B1DFD06B183}.Debug|Mixed Platforms.Build.0 = Debug|Any CPU
		{A956475D-1C1B-4C2E-BCF4-7B1DFD06B183}.Debug|x64.ActiveCfg = Debug|Any CPU
		{A956475D-1C1B-4C2E-BCF4-7B1DFD06B183}.Debug|x64.Build.0 = Debug|Any CPU
		{A956475D-1C1B-4C2E-BCF4-7B1DFD06B183}.Debug|x86.ActiveCfg = Debug|Any CPU
		{A956475D-1C1B-4C2E-BCF4-7B1DFD06B183}.Debug|x86.Build.0 = Debug|Any CPU
		{A956475D-1C1B-4C2E-BCF4-7B1DFD06B183}.Release|Any CPU.ActiveCfg = Release|Any CPU
		{A956475D-1C1B-4C2E-BCF4-7B1DFD06B183}.Release|Any CPU.Build.0 = Release|Any CPU
		{A956475D-1C1B-4C2E-BCF4-7B1DFD06B183}.Release|Mixed Platforms.ActiveCfg = Release|Any CPU
		{A956475D-1C1B-4C2E-BCF4-7B1DFD06B183}.Release|Mixed Platforms.Build.0 = Release|Any CPU
		{A956475D-1C1B-4C2E-BCF4-7B1DFD06B183}.Release|x64.ActiveCfg = Release|Any CPU
		{A956475D-1C1B-4C2E-BCF4-7B1DFD06B183}.Release|x64.Build.0 = Release|Any CPU
		{A956475D-1C1B-4C2E-BCF4-7B1DFD06B183}.Release|x86.ActiveCfg = Release|Any CPU
		{A956475D-1C1B-4C2E-BCF4-7B1DFD06B183}.Release|x86.Build.0 = Release|Any CPU
		{E83E9A9D-A249-48CC-9CA0-CE68901AA2A6}.Debug|Any CPU.ActiveCfg = Debug|Any CPU
		{E83E9A9D-A249-48CC-9CA0-CE68901AA2A6}.Debug|Any CPU.Build.0 = Debug|Any CPU
		{E83E9A9D-A249-48CC-9CA0-CE68901AA2A6}.Debug|Mixed Platforms.ActiveCfg = Debug|Any CPU
		{E83E9A9D-A249-48CC-9CA0-CE68901AA2A6}.Debug|Mixed Platforms.Build.0 = Debug|Any CPU
		{E83E9A9D-A249-48CC-9CA0-CE68901AA2A6}.Debug|x64.ActiveCfg = Debug|Any CPU
		{E83E9A9D-A249-48CC-9CA0-CE68901AA2A6}.Debug|x64.Build.0 = Debug|Any CPU
		{E83E9A9D-A249-48CC-9CA0-CE68901AA2A6}.Debug|x86.ActiveCfg = Debug|Any CPU
		{E83E9A9D-A249-48CC-9CA0-CE68901AA2A6}.Debug|x86.Build.0 = Debug|Any CPU
		{E83E9A9D-A249-48CC-9CA0-CE68901AA2A6}.Release|Any CPU.ActiveCfg = Release|Any CPU
		{E83E9A9D-A249-48CC-9CA0-CE68901AA2A6}.Release|Any CPU.Build.0 = Release|Any CPU
		{E83E9A9D-A249-48CC-9CA0-CE68901AA2A6}.Release|Mixed Platforms.ActiveCfg = Release|Any CPU
		{E83E9A9D-A249-48CC-9CA0-CE68901AA2A6}.Release|Mixed Platforms.Build.0 = Release|Any CPU
		{E83E9A9D-A249-48CC-9CA0-CE68901AA2A6}.Release|x64.ActiveCfg = Release|Any CPU
		{E83E9A9D-A249-48CC-9CA0-CE68901AA2A6}.Release|x64.Build.0 = Release|Any CPU
		{E83E9A9D-A249-48CC-9CA0-CE68901AA2A6}.Release|x86.ActiveCfg = Release|Any CPU
		{E83E9A9D-A249-48CC-9CA0-CE68901AA2A6}.Release|x86.Build.0 = Release|Any CPU
		{5287B6CC-8E97-4439-BFA1-BCEC74B5688B}.Debug|Any CPU.ActiveCfg = Debug|x86
		{5287B6CC-8E97-4439-BFA1-BCEC74B5688B}.Debug|Mixed Platforms.ActiveCfg = Debug|x86
		{5287B6CC-8E97-4439-BFA1-BCEC74B5688B}.Debug|x64.ActiveCfg = Debug|x86
		{5287B6CC-8E97-4439-BFA1-BCEC74B5688B}.Debug|x86.ActiveCfg = Debug|x86
		{5287B6CC-8E97-4439-BFA1-BCEC74B5688B}.Release|Any CPU.ActiveCfg = Release|x86
		{5287B6CC-8E97-4439-BFA1-BCEC74B5688B}.Release|Mixed Platforms.ActiveCfg = Release|x86
		{5287B6CC-8E97-4439-BFA1-BCEC74B5688B}.Release|x64.ActiveCfg = Release|x86
		{5287B6CC-8E97-4439-BFA1-BCEC74B5688B}.Release|x86.ActiveCfg = Release|x86
		{2008B1A2-F577-4CA4-BFD2-9078F3F78250}.Debug|Any CPU.ActiveCfg = Debug|x86
		{2008B1A2-F577-4CA4-BFD2-9078F3F78250}.Debug|Mixed Platforms.ActiveCfg = Debug|x86
		{2008B1A2-F577-4CA4-BFD2-9078F3F78250}.Debug|Mixed Platforms.Build.0 = Debug|x86
		{2008B1A2-F577-4CA4-BFD2-9078F3F78250}.Debug|x64.ActiveCfg = Debug|x86
		{2008B1A2-F577-4CA4-BFD2-9078F3F78250}.Debug|x86.ActiveCfg = Debug|x86
		{2008B1A2-F577-4CA4-BFD2-9078F3F78250}.Debug|x86.Build.0 = Debug|x86
		{2008B1A2-F577-4CA4-BFD2-9078F3F78250}.Release|Any CPU.ActiveCfg = Release|x86
		{2008B1A2-F577-4CA4-BFD2-9078F3F78250}.Release|Mixed Platforms.ActiveCfg = Release|x86
		{2008B1A2-F577-4CA4-BFD2-9078F3F78250}.Release|Mixed Platforms.Build.0 = Release|x86
		{2008B1A2-F577-4CA4-BFD2-9078F3F78250}.Release|x64.ActiveCfg = Release|x86
		{2008B1A2-F577-4CA4-BFD2-9078F3F78250}.Release|x86.ActiveCfg = Release|x86
		{2008B1A2-F577-4CA4-BFD2-9078F3F78250}.Release|x86.Build.0 = Release|x86
		{5E24E0A3-8BF7-42F3-B09C-C9F3519B18AA}.Debug|Any CPU.ActiveCfg = Debug|x86
		{5E24E0A3-8BF7-42F3-B09C-C9F3519B18AA}.Debug|Mixed Platforms.ActiveCfg = Debug|x86
		{5E24E0A3-8BF7-42F3-B09C-C9F3519B18AA}.Debug|Mixed Platforms.Build.0 = Debug|x86
		{5E24E0A3-8BF7-42F3-B09C-C9F3519B18AA}.Debug|x64.ActiveCfg = Debug|x86
		{5E24E0A3-8BF7-42F3-B09C-C9F3519B18AA}.Debug|x86.ActiveCfg = Debug|x86
		{5E24E0A3-8BF7-42F3-B09C-C9F3519B18AA}.Debug|x86.Build.0 = Debug|x86
		{5E24E0A3-8BF7-42F3-B09C-C9F3519B18AA}.Release|Any CPU.ActiveCfg = Release|x86
		{5E24E0A3-8BF7-42F3-B09C-C9F3519B18AA}.Release|Mixed Platforms.ActiveCfg = Release|x86
		{5E24E0A3-8BF7-42F3-B09C-C9F3519B18AA}.Release|Mixed Platforms.Build.0 = Release|x86
		{5E24E0A3-8BF7-42F3-B09C-C9F3519B18AA}.Release|x64.ActiveCfg = Release|x86
		{5E24E0A3-8BF7-42F3-B09C-C9F3519B18AA}.Release|x86.ActiveCfg = Release|x86
		{5E24E0A3-8BF7-42F3-B09C-C9F3519B18AA}.Release|x86.Build.0 = Release|x86
		{1CFD0F26-E443-4247-94DD-B8B9004457BD}.Debug|Any CPU.ActiveCfg = Debug|Any CPU
		{1CFD0F26-E443-4247-94DD-B8B9004457BD}.Debug|Any CPU.Build.0 = Debug|Any CPU
		{1CFD0F26-E443-4247-94DD-B8B9004457BD}.Debug|Mixed Platforms.ActiveCfg = Debug|Any CPU
		{1CFD0F26-E443-4247-94DD-B8B9004457BD}.Debug|Mixed Platforms.Build.0 = Debug|Any CPU
		{1CFD0F26-E443-4247-94DD-B8B9004457BD}.Debug|x64.ActiveCfg = Debug|Any CPU
		{1CFD0F26-E443-4247-94DD-B8B9004457BD}.Debug|x64.Build.0 = Debug|Any CPU
		{1CFD0F26-E443-4247-94DD-B8B9004457BD}.Debug|x86.ActiveCfg = Debug|Any CPU
		{1CFD0F26-E443-4247-94DD-B8B9004457BD}.Debug|x86.Build.0 = Debug|Any CPU
		{1CFD0F26-E443-4247-94DD-B8B9004457BD}.Release|Any CPU.ActiveCfg = Release|Any CPU
		{1CFD0F26-E443-4247-94DD-B8B9004457BD}.Release|Any CPU.Build.0 = Release|Any CPU
		{1CFD0F26-E443-4247-94DD-B8B9004457BD}.Release|Mixed Platforms.ActiveCfg = Release|Any CPU
		{1CFD0F26-E443-4247-94DD-B8B9004457BD}.Release|Mixed Platforms.Build.0 = Release|Any CPU
		{1CFD0F26-E443-4247-94DD-B8B9004457BD}.Release|x64.ActiveCfg = Release|Any CPU
		{1CFD0F26-E443-4247-94DD-B8B9004457BD}.Release|x64.Build.0 = Release|Any CPU
		{1CFD0F26-E443-4247-94DD-B8B9004457BD}.Release|x86.ActiveCfg = Release|Any CPU
		{1CFD0F26-E443-4247-94DD-B8B9004457BD}.Release|x86.Build.0 = Release|Any CPU
		{0CC8B884-5832-4EE1-B0FB-180A8B752F15}.Debug|Any CPU.ActiveCfg = Debug|Any CPU
		{0CC8B884-5832-4EE1-B0FB-180A8B752F15}.Debug|Any CPU.Build.0 = Debug|Any CPU
		{0CC8B884-5832-4EE1-B0FB-180A8B752F15}.Debug|Mixed Platforms.ActiveCfg = Debug|Any CPU
		{0CC8B884-5832-4EE1-B0FB-180A8B752F15}.Debug|Mixed Platforms.Build.0 = Debug|Any CPU
		{0CC8B884-5832-4EE1-B0FB-180A8B752F15}.Debug|x64.ActiveCfg = Debug|Any CPU
		{0CC8B884-5832-4EE1-B0FB-180A8B752F15}.Debug|x64.Build.0 = Debug|Any CPU
		{0CC8B884-5832-4EE1-B0FB-180A8B752F15}.Debug|x86.ActiveCfg = Debug|Any CPU
		{0CC8B884-5832-4EE1-B0FB-180A8B752F15}.Debug|x86.Build.0 = Debug|Any CPU
		{0CC8B884-5832-4EE1-B0FB-180A8B752F15}.Release|Any CPU.ActiveCfg = Release|Any CPU
		{0CC8B884-5832-4EE1-B0FB-180A8B752F15}.Release|Any CPU.Build.0 = Release|Any CPU
		{0CC8B884-5832-4EE1-B0FB-180A8B752F15}.Release|Mixed Platforms.ActiveCfg = Release|Any CPU
		{0CC8B884-5832-4EE1-B0FB-180A8B752F15}.Release|Mixed Platforms.Build.0 = Release|Any CPU
		{0CC8B884-5832-4EE1-B0FB-180A8B752F15}.Release|x64.ActiveCfg = Release|Any CPU
		{0CC8B884-5832-4EE1-B0FB-180A8B752F15}.Release|x64.Build.0 = Release|Any CPU
		{0CC8B884-5832-4EE1-B0FB-180A8B752F15}.Release|x86.ActiveCfg = Release|Any CPU
		{0CC8B884-5832-4EE1-B0FB-180A8B752F15}.Release|x86.Build.0 = Release|Any CPU
	EndGlobalSection
	GlobalSection(SolutionProperties) = preSolution
		HideSolutionNode = FALSE
	EndGlobalSection
	GlobalSection(NestedProjects) = preSolution
		{A4610E4C-DD34-428B-BABB-779CA0B5993A} = {716D3D89-182D-422E-87A3-EEA263969A20}
		{49BA1C69-6104-41AC-A5D8-B54FA9F696E8} = {716D3D89-182D-422E-87A3-EEA263969A20}
		{6B6433B7-3A8E-4FAE-B8BA-8B5C49FC5BB2} = {20C18F19-2BC6-4138-B5F4-D2EDF291C13D}
		{E3B86BDC-0DC7-4D3E-86B1-2174B0D87DFE} = {20C18F19-2BC6-4138-B5F4-D2EDF291C13D}
	EndGlobalSection
	GlobalSection(ExtensibilityGlobals) = postSolution
		SolutionGuid = {50530342-297B-48F1-A2F8-DDB673CE9107}
	EndGlobalSection
EndGlobal
